// !$*UTF8*$!
{
	archiveVersion = 1;
	classes = {
	};
	objectVersion = 56;
	objects = {

/* Begin PBXBuildFile section */
		F12C8AA52BCC037700C4E99E /* Trade.swift in Sources */ = {isa = PBXBuildFile; fileRef = F12C8AA42BCC037700C4E99E /* Trade.swift */; };
		F12C8AA92BCC074F00C4E99E /* AbType.swift in Sources */ = {isa = PBXBuildFile; fileRef = F12C8AA82BCC074E00C4E99E /* AbType.swift */; };
		F12C8AAB2BCC13A500C4E99E /* TradeCell.swift in Sources */ = {isa = PBXBuildFile; fileRef = F12C8AAA2BCC13A500C4E99E /* TradeCell.swift */; };
		F13B73D12BBE79BC00C96F19 /* DetailViewModel.swift in Sources */ = {isa = PBXBuildFile; fileRef = F13B73D02BBE79BC00C96F19 /* DetailViewModel.swift */; };
		F13B73D22BBE868100C96F19 /* ChatViewController.swift in Sources */ = {isa = PBXBuildFile; fileRef = F1E0A6942BBD2D0800C2CFCE /* ChatViewController.swift */; };
		F13B73D32BBE868400C96F19 /* ChatViewModel.swift in Sources */ = {isa = PBXBuildFile; fileRef = F1E0A6A32BBD2D2400C2CFCE /* ChatViewModel.swift */; };
		F13B73D52BBE89B000C96F19 /* OrderbookCell.swift in Sources */ = {isa = PBXBuildFile; fileRef = F13B73D42BBE89B000C96F19 /* OrderbookCell.swift */; };
		F182FEA02BC03C5500428E05 /* DateAxisValueFormatter.swift in Sources */ = {isa = PBXBuildFile; fileRef = F182FE9F2BC03C5500428E05 /* DateAxisValueFormatter.swift */; };
		F1D0044B2BC92FE80032D272 /* PriceView.swift in Sources */ = {isa = PBXBuildFile; fileRef = F1D0044A2BC92FE80032D272 /* PriceView.swift */; };
		F1D0044F2BC945FF0032D272 /* WebSocketError.swift in Sources */ = {isa = PBXBuildFile; fileRef = F1D0044E2BC945FF0032D272 /* WebSocketError.swift */; };
		F1D004512BC970940032D272 /* StackChildView.swift in Sources */ = {isa = PBXBuildFile; fileRef = F1D004502BC970940032D272 /* StackChildView.swift */; };
		F1D5EA362BC516B500578328 /* DetailViewController.swift in Sources */ = {isa = PBXBuildFile; fileRef = F13B73CE2BBE799B00C96F19 /* DetailViewController.swift */; };
		F1D5EA382BC5211200578328 /* PageService.swift in Sources */ = {isa = PBXBuildFile; fileRef = F1D5EA372BC5211200578328 /* PageService.swift */; };
		F1D5EA3A2BC5248700578328 /* ChartViewController.swift in Sources */ = {isa = PBXBuildFile; fileRef = F1D5EA392BC5248700578328 /* ChartViewController.swift */; };
		F1D5EA3C2BC5249C00578328 /* ChartViewModel.swift in Sources */ = {isa = PBXBuildFile; fileRef = F1D5EA3B2BC5249C00578328 /* ChartViewModel.swift */; };
		F1D5EA3E2BC554F700578328 /* OrderbookViewController.swift in Sources */ = {isa = PBXBuildFile; fileRef = F1D5EA3D2BC554F700578328 /* OrderbookViewController.swift */; };
		F1D5EA402BC5550800578328 /* OrderbookViewModel.swift in Sources */ = {isa = PBXBuildFile; fileRef = F1D5EA3F2BC5550800578328 /* OrderbookViewModel.swift */; };
		F1DA88DD2BCFAC65005E8E22 /* UpbitApiError.swift in Sources */ = {isa = PBXBuildFile; fileRef = F1DA88DC2BCFAC65005E8E22 /* UpbitApiError.swift */; };
		F1DA88E02BCFAD49005E8E22 /* SwiftJWT in Frameworks */ = {isa = PBXBuildFile; productRef = F1DA88DF2BCFAD49005E8E22 /* SwiftJWT */; };
		F1DA88E22BCFB12B005E8E22 /* Payload.swift in Sources */ = {isa = PBXBuildFile; fileRef = F1DA88E12BCFB12B005E8E22 /* Payload.swift */; };
		F1DA88E42BCFB8E3005E8E22 /* AccountViewController.swift in Sources */ = {isa = PBXBuildFile; fileRef = F1DA88E32BCFB8E3005E8E22 /* AccountViewController.swift */; };
		F1DA88E62BCFB8F5005E8E22 /* AccountViewModel.swift in Sources */ = {isa = PBXBuildFile; fileRef = F1DA88E52BCFB8F5005E8E22 /* AccountViewModel.swift */; };
		F1DA88E82BCFBA97005E8E22 /* Account.swift in Sources */ = {isa = PBXBuildFile; fileRef = F1DA88E72BCFBA97005E8E22 /* Account.swift */; };
		F1DA88EA2BCFF740005E8E22 /* AccountView.swift in Sources */ = {isa = PBXBuildFile; fileRef = F1DA88E92BCFF740005E8E22 /* AccountView.swift */; };
		F1E0A5F22BBD1F8500C2CFCE /* AppDelegate.swift in Sources */ = {isa = PBXBuildFile; fileRef = F1E0A5F12BBD1F8500C2CFCE /* AppDelegate.swift */; };
		F1E0A5F42BBD1F8500C2CFCE /* SceneDelegate.swift in Sources */ = {isa = PBXBuildFile; fileRef = F1E0A5F32BBD1F8500C2CFCE /* SceneDelegate.swift */; };
		F1E0A5FB2BBD1F8600C2CFCE /* Assets.xcassets in Resources */ = {isa = PBXBuildFile; fileRef = F1E0A5FA2BBD1F8600C2CFCE /* Assets.xcassets */; };
		F1E0A5FE2BBD1F8600C2CFCE /* Base in Resources */ = {isa = PBXBuildFile; fileRef = F1E0A5FD2BBD1F8600C2CFCE /* Base */; };
		F1E0A6092BBD1F8600C2CFCE /* InvestorTests.swift in Sources */ = {isa = PBXBuildFile; fileRef = F1E0A6082BBD1F8600C2CFCE /* InvestorTests.swift */; };
		F1E0A6132BBD1F8600C2CFCE /* InvestorUITests.swift in Sources */ = {isa = PBXBuildFile; fileRef = F1E0A6122BBD1F8600C2CFCE /* InvestorUITests.swift */; };
		F1E0A6152BBD1F8600C2CFCE /* InvestorUITestsLaunchTests.swift in Sources */ = {isa = PBXBuildFile; fileRef = F1E0A6142BBD1F8600C2CFCE /* InvestorUITestsLaunchTests.swift */; };
		F1E0A6232BBD205900C2CFCE /* Realm in Frameworks */ = {isa = PBXBuildFile; productRef = F1E0A6222BBD205900C2CFCE /* Realm */; };
		F1E0A6252BBD205900C2CFCE /* RealmSwift in Frameworks */ = {isa = PBXBuildFile; productRef = F1E0A6242BBD205900C2CFCE /* RealmSwift */; };
		F1E0A6282BBD206F00C2CFCE /* SnapKit in Frameworks */ = {isa = PBXBuildFile; productRef = F1E0A6272BBD206F00C2CFCE /* SnapKit */; };
		F1E0A62A2BBD206F00C2CFCE /* SnapKit-Dynamic in Frameworks */ = {isa = PBXBuildFile; productRef = F1E0A6292BBD206F00C2CFCE /* SnapKit-Dynamic */; };
		F1E0A62D2BBD207B00C2CFCE /* Kingfisher in Frameworks */ = {isa = PBXBuildFile; productRef = F1E0A62C2BBD207B00C2CFCE /* Kingfisher */; };
		F1E0A6302BBD208E00C2CFCE /* Alamofire in Frameworks */ = {isa = PBXBuildFile; productRef = F1E0A62F2BBD208E00C2CFCE /* Alamofire */; };
		F1E0A6322BBD208E00C2CFCE /* AlamofireDynamic in Frameworks */ = {isa = PBXBuildFile; productRef = F1E0A6312BBD208E00C2CFCE /* AlamofireDynamic */; };
		F1E0A63E2BBD20BB00C2CFCE /* DGCharts in Frameworks */ = {isa = PBXBuildFile; productRef = F1E0A63D2BBD20BB00C2CFCE /* DGCharts */; };
		F1E0A6412BBD20FE00C2CFCE /* FirebaseFirestore in Frameworks */ = {isa = PBXBuildFile; productRef = F1E0A6402BBD20FE00C2CFCE /* FirebaseFirestore */; };
		F1E0A6442BBD211300C2CFCE /* Starscream in Frameworks */ = {isa = PBXBuildFile; productRef = F1E0A6432BBD211300C2CFCE /* Starscream */; };
		F1E0A6472BBD21AF00C2CFCE /* RxCocoa in Frameworks */ = {isa = PBXBuildFile; productRef = F1E0A6462BBD21AF00C2CFCE /* RxCocoa */; };
		F1E0A6492BBD21AF00C2CFCE /* RxSwift in Frameworks */ = {isa = PBXBuildFile; productRef = F1E0A6482BBD21AF00C2CFCE /* RxSwift */; };
		F1E0A64C2BBD222200C2CFCE /* ApiKey.plist in Resources */ = {isa = PBXBuildFile; fileRef = F1E0A64B2BBD222000C2CFCE /* ApiKey.plist */; };
		F1E0A64D2BBD222800C2CFCE /* GoogleService-Info.plist in Resources */ = {isa = PBXBuildFile; fileRef = F1E0A64A2BBD222000C2CFCE /* GoogleService-Info.plist */; };
		F1E0A6612BBD23E300C2CFCE /* CALayer.swift in Sources */ = {isa = PBXBuildFile; fileRef = F1E0A6602BBD23DF00C2CFCE /* CALayer.swift */; };
		F1E0A6622BBD23E500C2CFCE /* Date.swift in Sources */ = {isa = PBXBuildFile; fileRef = F1E0A65E2BBD23DF00C2CFCE /* Date.swift */; };
		F1E0A6632BBD23E800C2CFCE /* Decodable.swift in Sources */ = {isa = PBXBuildFile; fileRef = F1E0A6592BBD23DF00C2CFCE /* Decodable.swift */; };
		F1E0A6642BBD23EA00C2CFCE /* Double.swift in Sources */ = {isa = PBXBuildFile; fileRef = F1E0A65C2BBD23DF00C2CFCE /* Double.swift */; };
		F1E0A6652BBD23ED00C2CFCE /* String.swift in Sources */ = {isa = PBXBuildFile; fileRef = F1E0A65A2BBD23DF00C2CFCE /* String.swift */; };
		F1E0A6662BBD23EF00C2CFCE /* UIColor.swift in Sources */ = {isa = PBXBuildFile; fileRef = F1E0A65B2BBD23DF00C2CFCE /* UIColor.swift */; };
		F1E0A6672BBD23F200C2CFCE /* UILabel.swift in Sources */ = {isa = PBXBuildFile; fileRef = F1E0A65D2BBD23DF00C2CFCE /* UILabel.swift */; };
		F1E0A6682BBD23F400C2CFCE /* UIResponder.swift in Sources */ = {isa = PBXBuildFile; fileRef = F1E0A65F2BBD23DF00C2CFCE /* UIResponder.swift */; };
		F1E0A6702BBD252D00C2CFCE /* MarketViewController.swift in Sources */ = {isa = PBXBuildFile; fileRef = F1E0A66F2BBD252D00C2CFCE /* MarketViewController.swift */; };
		F1E0A6722BBD254C00C2CFCE /* MarketViewModel.swift in Sources */ = {isa = PBXBuildFile; fileRef = F1E0A6712BBD254C00C2CFCE /* MarketViewModel.swift */; };
		F1E0A6742BBD256C00C2CFCE /* SettingViewController.swift in Sources */ = {isa = PBXBuildFile; fileRef = F1E0A6732BBD256C00C2CFCE /* SettingViewController.swift */; };
		F1E0A6762BBD257700C2CFCE /* SettingViewModel.swift in Sources */ = {isa = PBXBuildFile; fileRef = F1E0A6752BBD257700C2CFCE /* SettingViewModel.swift */; };
		F1E0A67D2BBD283A00C2CFCE /* ApiTiker.swift in Sources */ = {isa = PBXBuildFile; fileRef = F1E0A6792BBD283700C2CFCE /* ApiTiker.swift */; };
		F1E0A67E2BBD283C00C2CFCE /* Candle.swift in Sources */ = {isa = PBXBuildFile; fileRef = F1E0A6772BBD283600C2CFCE /* Candle.swift */; };
		F1E0A67F2BBD283E00C2CFCE /* Chat.swift in Sources */ = {isa = PBXBuildFile; fileRef = F1E0A67A2BBD283700C2CFCE /* Chat.swift */; };
		F1E0A6802BBD284100C2CFCE /* MarketInfo.swift in Sources */ = {isa = PBXBuildFile; fileRef = F1E0A67C2BBD283700C2CFCE /* MarketInfo.swift */; };
		F1E0A6812BBD284300C2CFCE /* MarketTicker.swift in Sources */ = {isa = PBXBuildFile; fileRef = F1E0A67B2BBD283700C2CFCE /* MarketTicker.swift */; };
		F1E0A6822BBD284500C2CFCE /* SocketTicker.swift in Sources */ = {isa = PBXBuildFile; fileRef = F1E0A6782BBD283700C2CFCE /* SocketTicker.swift */; };
		F1E0A6882BBD285A00C2CFCE /* CandleType.swift in Sources */ = {isa = PBXBuildFile; fileRef = F1E0A6872BBD285800C2CFCE /* CandleType.swift */; };
		F1E0A6892BBD285C00C2CFCE /* ChangeType.swift in Sources */ = {isa = PBXBuildFile; fileRef = F1E0A6852BBD285800C2CFCE /* ChangeType.swift */; };
		F1E0A68B2BBD285F00C2CFCE /* UnitType.swift in Sources */ = {isa = PBXBuildFile; fileRef = F1E0A6862BBD285800C2CFCE /* UnitType.swift */; };
		F1E0A68D2BBD28B400C2CFCE /* MarketCell.swift in Sources */ = {isa = PBXBuildFile; fileRef = F1E0A68C2BBD28B100C2CFCE /* MarketCell.swift */; };
		F1E0A6902BBD28D200C2CFCE /* PercentView.swift in Sources */ = {isa = PBXBuildFile; fileRef = F1E0A68E2BBD28CF00C2CFCE /* PercentView.swift */; };
		F1E0A6912BBD28D400C2CFCE /* SingleCandleView.swift in Sources */ = {isa = PBXBuildFile; fileRef = F1E0A68F2BBD28CF00C2CFCE /* SingleCandleView.swift */; };
		F1E0A6922BBD291A00C2CFCE /* UpbitSocketService.swift in Sources */ = {isa = PBXBuildFile; fileRef = F1E0A6842BBD284C00C2CFCE /* UpbitSocketService.swift */; };
		F1E0A6932BBD291C00C2CFCE /* UpbitApiService.swift in Sources */ = {isa = PBXBuildFile; fileRef = F1E0A6832BBD284C00C2CFCE /* UpbitApiService.swift */; };
		F1E0A69F2BBD2D1500C2CFCE /* InputView.swift in Sources */ = {isa = PBXBuildFile; fileRef = F1E0A69A2BBD2D1500C2CFCE /* InputView.swift */; };
		F1E0A6A12BBD2D1500C2CFCE /* ChatItemView.swift in Sources */ = {isa = PBXBuildFile; fileRef = F1E0A69C2BBD2D1500C2CFCE /* ChatItemView.swift */; };
		F1E0A6A72BBD2D3100C2CFCE /* FireStoreService.swift in Sources */ = {isa = PBXBuildFile; fileRef = F1E0A6A62BBD2D3100C2CFCE /* FireStoreService.swift */; };
		F1E0A6A92BBD2D4F00C2CFCE /* TickerProtocol.swift in Sources */ = {isa = PBXBuildFile; fileRef = F1E0A6A82BBD2D4F00C2CFCE /* TickerProtocol.swift */; };
		F1E7CE8D2BD510C300E902CA /* AccountCell.swift in Sources */ = {isa = PBXBuildFile; fileRef = F1E7CE8C2BD510C300E902CA /* AccountCell.swift */; };
		F1E7CE8F2BD512F700E902CA /* AutoSizeTableView.swift in Sources */ = {isa = PBXBuildFile; fileRef = F1E7CE8E2BD512F700E902CA /* AutoSizeTableView.swift */; };
		F1EA80132BC6CDCE00AE5F58 /* Orderbook.swift in Sources */ = {isa = PBXBuildFile; fileRef = F1EA80122BC6CDCE00AE5F58 /* Orderbook.swift */; };
		F1F1A3852BC7B589000CD879 /* SubscriptionType.swift in Sources */ = {isa = PBXBuildFile; fileRef = F1F1A3842BC7B589000CD879 /* SubscriptionType.swift */; };
		F1F1A3872BC7BEA9000CD879 /* ChatCell.swift in Sources */ = {isa = PBXBuildFile; fileRef = F1F1A3862BC7BEA8000CD879 /* ChatCell.swift */; };
		F1F420252BCE544D003B19D2 /* Favorite.swift in Sources */ = {isa = PBXBuildFile; fileRef = F1F420242BCE544D003B19D2 /* Favorite.swift */; };
		F1F420272BCE54D9003B19D2 /* RealmService.swift in Sources */ = {isa = PBXBuildFile; fileRef = F1F420262BCE54D9003B19D2 /* RealmService.swift */; };
		F1F4202A2BCE650E003B19D2 /* Toast in Frameworks */ = {isa = PBXBuildFile; productRef = F1F420292BCE650E003B19D2 /* Toast */; };
/* End PBXBuildFile section */

/* Begin PBXContainerItemProxy section */
		F1E0A6052BBD1F8600C2CFCE /* PBXContainerItemProxy */ = {
			isa = PBXContainerItemProxy;
			containerPortal = F1E0A5E62BBD1F8500C2CFCE /* Project object */;
			proxyType = 1;
			remoteGlobalIDString = F1E0A5ED2BBD1F8500C2CFCE;
			remoteInfo = Investor;
		};
		F1E0A60F2BBD1F8600C2CFCE /* PBXContainerItemProxy */ = {
			isa = PBXContainerItemProxy;
			containerPortal = F1E0A5E62BBD1F8500C2CFCE /* Project object */;
			proxyType = 1;
			remoteGlobalIDString = F1E0A5ED2BBD1F8500C2CFCE;
			remoteInfo = Investor;
		};
/* End PBXContainerItemProxy section */

/* Begin PBXFileReference section */
		F12C8AA42BCC037700C4E99E /* Trade.swift */ = {isa = PBXFileReference; lastKnownFileType = sourcecode.swift; path = Trade.swift; sourceTree = "<group>"; };
		F12C8AA82BCC074E00C4E99E /* AbType.swift */ = {isa = PBXFileReference; lastKnownFileType = sourcecode.swift; path = AbType.swift; sourceTree = "<group>"; };
		F12C8AAA2BCC13A500C4E99E /* TradeCell.swift */ = {isa = PBXFileReference; lastKnownFileType = sourcecode.swift; path = TradeCell.swift; sourceTree = "<group>"; };
		F13B73CE2BBE799B00C96F19 /* DetailViewController.swift */ = {isa = PBXFileReference; lastKnownFileType = sourcecode.swift; path = DetailViewController.swift; sourceTree = "<group>"; };
		F13B73D02BBE79BC00C96F19 /* DetailViewModel.swift */ = {isa = PBXFileReference; lastKnownFileType = sourcecode.swift; path = DetailViewModel.swift; sourceTree = "<group>"; };
		F13B73D42BBE89B000C96F19 /* OrderbookCell.swift */ = {isa = PBXFileReference; fileEncoding = 4; lastKnownFileType = sourcecode.swift; path = OrderbookCell.swift; sourceTree = "<group>"; };
		F182FE9F2BC03C5500428E05 /* DateAxisValueFormatter.swift */ = {isa = PBXFileReference; lastKnownFileType = sourcecode.swift; path = DateAxisValueFormatter.swift; sourceTree = "<group>"; };
		F1D0044A2BC92FE80032D272 /* PriceView.swift */ = {isa = PBXFileReference; lastKnownFileType = sourcecode.swift; path = PriceView.swift; sourceTree = "<group>"; };
		F1D0044E2BC945FF0032D272 /* WebSocketError.swift */ = {isa = PBXFileReference; lastKnownFileType = sourcecode.swift; path = WebSocketError.swift; sourceTree = "<group>"; };
		F1D004502BC970940032D272 /* StackChildView.swift */ = {isa = PBXFileReference; lastKnownFileType = sourcecode.swift; path = StackChildView.swift; sourceTree = "<group>"; };
		F1D5EA372BC5211200578328 /* PageService.swift */ = {isa = PBXFileReference; lastKnownFileType = sourcecode.swift; path = PageService.swift; sourceTree = "<group>"; };
		F1D5EA392BC5248700578328 /* ChartViewController.swift */ = {isa = PBXFileReference; lastKnownFileType = sourcecode.swift; path = ChartViewController.swift; sourceTree = "<group>"; };
		F1D5EA3B2BC5249C00578328 /* ChartViewModel.swift */ = {isa = PBXFileReference; lastKnownFileType = sourcecode.swift; path = ChartViewModel.swift; sourceTree = "<group>"; };
		F1D5EA3D2BC554F700578328 /* OrderbookViewController.swift */ = {isa = PBXFileReference; lastKnownFileType = sourcecode.swift; path = OrderbookViewController.swift; sourceTree = "<group>"; };
		F1D5EA3F2BC5550800578328 /* OrderbookViewModel.swift */ = {isa = PBXFileReference; lastKnownFileType = sourcecode.swift; path = OrderbookViewModel.swift; sourceTree = "<group>"; };
		F1DA88DC2BCFAC65005E8E22 /* UpbitApiError.swift */ = {isa = PBXFileReference; lastKnownFileType = sourcecode.swift; path = UpbitApiError.swift; sourceTree = "<group>"; };
		F1DA88E12BCFB12B005E8E22 /* Payload.swift */ = {isa = PBXFileReference; lastKnownFileType = sourcecode.swift; path = Payload.swift; sourceTree = "<group>"; };
		F1DA88E32BCFB8E3005E8E22 /* AccountViewController.swift */ = {isa = PBXFileReference; lastKnownFileType = sourcecode.swift; path = AccountViewController.swift; sourceTree = "<group>"; };
		F1DA88E52BCFB8F5005E8E22 /* AccountViewModel.swift */ = {isa = PBXFileReference; lastKnownFileType = sourcecode.swift; path = AccountViewModel.swift; sourceTree = "<group>"; };
		F1DA88E72BCFBA97005E8E22 /* Account.swift */ = {isa = PBXFileReference; lastKnownFileType = sourcecode.swift; path = Account.swift; sourceTree = "<group>"; };
		F1DA88E92BCFF740005E8E22 /* AccountView.swift */ = {isa = PBXFileReference; lastKnownFileType = sourcecode.swift; path = AccountView.swift; sourceTree = "<group>"; };
		F1E0A5EE2BBD1F8500C2CFCE /* Investor.app */ = {isa = PBXFileReference; explicitFileType = wrapper.application; includeInIndex = 0; path = Investor.app; sourceTree = BUILT_PRODUCTS_DIR; };
		F1E0A5F12BBD1F8500C2CFCE /* AppDelegate.swift */ = {isa = PBXFileReference; lastKnownFileType = sourcecode.swift; path = AppDelegate.swift; sourceTree = "<group>"; };
		F1E0A5F32BBD1F8500C2CFCE /* SceneDelegate.swift */ = {isa = PBXFileReference; lastKnownFileType = sourcecode.swift; path = SceneDelegate.swift; sourceTree = "<group>"; };
		F1E0A5FA2BBD1F8600C2CFCE /* Assets.xcassets */ = {isa = PBXFileReference; lastKnownFileType = folder.assetcatalog; path = Assets.xcassets; sourceTree = "<group>"; };
		F1E0A5FD2BBD1F8600C2CFCE /* Base */ = {isa = PBXFileReference; lastKnownFileType = file.storyboard; name = Base; path = Base.lproj/LaunchScreen.storyboard; sourceTree = "<group>"; };
		F1E0A5FF2BBD1F8600C2CFCE /* Info.plist */ = {isa = PBXFileReference; lastKnownFileType = text.plist.xml; path = Info.plist; sourceTree = "<group>"; };
		F1E0A6042BBD1F8600C2CFCE /* InvestorTests.xctest */ = {isa = PBXFileReference; explicitFileType = wrapper.cfbundle; includeInIndex = 0; path = InvestorTests.xctest; sourceTree = BUILT_PRODUCTS_DIR; };
		F1E0A6082BBD1F8600C2CFCE /* InvestorTests.swift */ = {isa = PBXFileReference; lastKnownFileType = sourcecode.swift; path = InvestorTests.swift; sourceTree = "<group>"; };
		F1E0A60E2BBD1F8600C2CFCE /* InvestorUITests.xctest */ = {isa = PBXFileReference; explicitFileType = wrapper.cfbundle; includeInIndex = 0; path = InvestorUITests.xctest; sourceTree = BUILT_PRODUCTS_DIR; };
		F1E0A6122BBD1F8600C2CFCE /* InvestorUITests.swift */ = {isa = PBXFileReference; lastKnownFileType = sourcecode.swift; path = InvestorUITests.swift; sourceTree = "<group>"; };
		F1E0A6142BBD1F8600C2CFCE /* InvestorUITestsLaunchTests.swift */ = {isa = PBXFileReference; lastKnownFileType = sourcecode.swift; path = InvestorUITestsLaunchTests.swift; sourceTree = "<group>"; };
		F1E0A64A2BBD222000C2CFCE /* GoogleService-Info.plist */ = {isa = PBXFileReference; lastKnownFileType = text.plist.xml; path = "GoogleService-Info.plist"; sourceTree = "<group>"; };
		F1E0A64B2BBD222000C2CFCE /* ApiKey.plist */ = {isa = PBXFileReference; lastKnownFileType = text.plist.xml; path = ApiKey.plist; sourceTree = "<group>"; };
		F1E0A6592BBD23DF00C2CFCE /* Decodable.swift */ = {isa = PBXFileReference; lastKnownFileType = sourcecode.swift; path = Decodable.swift; sourceTree = "<group>"; };
		F1E0A65A2BBD23DF00C2CFCE /* String.swift */ = {isa = PBXFileReference; lastKnownFileType = sourcecode.swift; path = String.swift; sourceTree = "<group>"; };
		F1E0A65B2BBD23DF00C2CFCE /* UIColor.swift */ = {isa = PBXFileReference; lastKnownFileType = sourcecode.swift; path = UIColor.swift; sourceTree = "<group>"; };
		F1E0A65C2BBD23DF00C2CFCE /* Double.swift */ = {isa = PBXFileReference; lastKnownFileType = sourcecode.swift; path = Double.swift; sourceTree = "<group>"; };
		F1E0A65D2BBD23DF00C2CFCE /* UILabel.swift */ = {isa = PBXFileReference; lastKnownFileType = sourcecode.swift; path = UILabel.swift; sourceTree = "<group>"; };
		F1E0A65E2BBD23DF00C2CFCE /* Date.swift */ = {isa = PBXFileReference; lastKnownFileType = sourcecode.swift; path = Date.swift; sourceTree = "<group>"; };
		F1E0A65F2BBD23DF00C2CFCE /* UIResponder.swift */ = {isa = PBXFileReference; lastKnownFileType = sourcecode.swift; path = UIResponder.swift; sourceTree = "<group>"; };
		F1E0A6602BBD23DF00C2CFCE /* CALayer.swift */ = {isa = PBXFileReference; lastKnownFileType = sourcecode.swift; path = CALayer.swift; sourceTree = "<group>"; };
		F1E0A66F2BBD252D00C2CFCE /* MarketViewController.swift */ = {isa = PBXFileReference; lastKnownFileType = sourcecode.swift; path = MarketViewController.swift; sourceTree = "<group>"; };
		F1E0A6712BBD254C00C2CFCE /* MarketViewModel.swift */ = {isa = PBXFileReference; lastKnownFileType = sourcecode.swift; path = MarketViewModel.swift; sourceTree = "<group>"; };
		F1E0A6732BBD256C00C2CFCE /* SettingViewController.swift */ = {isa = PBXFileReference; lastKnownFileType = sourcecode.swift; path = SettingViewController.swift; sourceTree = "<group>"; };
		F1E0A6752BBD257700C2CFCE /* SettingViewModel.swift */ = {isa = PBXFileReference; lastKnownFileType = sourcecode.swift; path = SettingViewModel.swift; sourceTree = "<group>"; };
		F1E0A6772BBD283600C2CFCE /* Candle.swift */ = {isa = PBXFileReference; lastKnownFileType = sourcecode.swift; path = Candle.swift; sourceTree = "<group>"; };
		F1E0A6782BBD283700C2CFCE /* SocketTicker.swift */ = {isa = PBXFileReference; lastKnownFileType = sourcecode.swift; path = SocketTicker.swift; sourceTree = "<group>"; };
		F1E0A6792BBD283700C2CFCE /* ApiTiker.swift */ = {isa = PBXFileReference; lastKnownFileType = sourcecode.swift; path = ApiTiker.swift; sourceTree = "<group>"; };
		F1E0A67A2BBD283700C2CFCE /* Chat.swift */ = {isa = PBXFileReference; lastKnownFileType = sourcecode.swift; path = Chat.swift; sourceTree = "<group>"; };
		F1E0A67B2BBD283700C2CFCE /* MarketTicker.swift */ = {isa = PBXFileReference; lastKnownFileType = sourcecode.swift; path = MarketTicker.swift; sourceTree = "<group>"; };
		F1E0A67C2BBD283700C2CFCE /* MarketInfo.swift */ = {isa = PBXFileReference; lastKnownFileType = sourcecode.swift; path = MarketInfo.swift; sourceTree = "<group>"; };
		F1E0A6832BBD284C00C2CFCE /* UpbitApiService.swift */ = {isa = PBXFileReference; lastKnownFileType = sourcecode.swift; path = UpbitApiService.swift; sourceTree = "<group>"; };
		F1E0A6842BBD284C00C2CFCE /* UpbitSocketService.swift */ = {isa = PBXFileReference; lastKnownFileType = sourcecode.swift; path = UpbitSocketService.swift; sourceTree = "<group>"; };
		F1E0A6852BBD285800C2CFCE /* ChangeType.swift */ = {isa = PBXFileReference; lastKnownFileType = sourcecode.swift; path = ChangeType.swift; sourceTree = "<group>"; };
		F1E0A6862BBD285800C2CFCE /* UnitType.swift */ = {isa = PBXFileReference; lastKnownFileType = sourcecode.swift; path = UnitType.swift; sourceTree = "<group>"; };
		F1E0A6872BBD285800C2CFCE /* CandleType.swift */ = {isa = PBXFileReference; lastKnownFileType = sourcecode.swift; path = CandleType.swift; sourceTree = "<group>"; };
		F1E0A68C2BBD28B100C2CFCE /* MarketCell.swift */ = {isa = PBXFileReference; lastKnownFileType = sourcecode.swift; path = MarketCell.swift; sourceTree = "<group>"; };
		F1E0A68E2BBD28CF00C2CFCE /* PercentView.swift */ = {isa = PBXFileReference; lastKnownFileType = sourcecode.swift; path = PercentView.swift; sourceTree = "<group>"; };
		F1E0A68F2BBD28CF00C2CFCE /* SingleCandleView.swift */ = {isa = PBXFileReference; lastKnownFileType = sourcecode.swift; path = SingleCandleView.swift; sourceTree = "<group>"; };
		F1E0A6942BBD2D0800C2CFCE /* ChatViewController.swift */ = {isa = PBXFileReference; fileEncoding = 4; lastKnownFileType = sourcecode.swift; path = ChatViewController.swift; sourceTree = "<group>"; };
		F1E0A69A2BBD2D1500C2CFCE /* InputView.swift */ = {isa = PBXFileReference; fileEncoding = 4; lastKnownFileType = sourcecode.swift; path = InputView.swift; sourceTree = "<group>"; };
		F1E0A69C2BBD2D1500C2CFCE /* ChatItemView.swift */ = {isa = PBXFileReference; fileEncoding = 4; lastKnownFileType = sourcecode.swift; path = ChatItemView.swift; sourceTree = "<group>"; };
		F1E0A6A32BBD2D2400C2CFCE /* ChatViewModel.swift */ = {isa = PBXFileReference; fileEncoding = 4; lastKnownFileType = sourcecode.swift; path = ChatViewModel.swift; sourceTree = "<group>"; };
		F1E0A6A62BBD2D3100C2CFCE /* FireStoreService.swift */ = {isa = PBXFileReference; fileEncoding = 4; lastKnownFileType = sourcecode.swift; path = FireStoreService.swift; sourceTree = "<group>"; };
		F1E0A6A82BBD2D4F00C2CFCE /* TickerProtocol.swift */ = {isa = PBXFileReference; fileEncoding = 4; lastKnownFileType = sourcecode.swift; path = TickerProtocol.swift; sourceTree = "<group>"; };
		F1E7CE8C2BD510C300E902CA /* AccountCell.swift */ = {isa = PBXFileReference; lastKnownFileType = sourcecode.swift; path = AccountCell.swift; sourceTree = "<group>"; };
		F1E7CE8E2BD512F700E902CA /* AutoSizeTableView.swift */ = {isa = PBXFileReference; lastKnownFileType = sourcecode.swift; path = AutoSizeTableView.swift; sourceTree = "<group>"; };
		F1EA80122BC6CDCE00AE5F58 /* Orderbook.swift */ = {isa = PBXFileReference; lastKnownFileType = sourcecode.swift; path = Orderbook.swift; sourceTree = "<group>"; };
		F1F1A3842BC7B589000CD879 /* SubscriptionType.swift */ = {isa = PBXFileReference; lastKnownFileType = sourcecode.swift; path = SubscriptionType.swift; sourceTree = "<group>"; };
		F1F1A3862BC7BEA8000CD879 /* ChatCell.swift */ = {isa = PBXFileReference; lastKnownFileType = sourcecode.swift; path = ChatCell.swift; sourceTree = "<group>"; };
		F1F420242BCE544D003B19D2 /* Favorite.swift */ = {isa = PBXFileReference; lastKnownFileType = sourcecode.swift; path = Favorite.swift; sourceTree = "<group>"; };
		F1F420262BCE54D9003B19D2 /* RealmService.swift */ = {isa = PBXFileReference; lastKnownFileType = sourcecode.swift; path = RealmService.swift; sourceTree = "<group>"; };
/* End PBXFileReference section */

/* Begin PBXFrameworksBuildPhase section */
		F1E0A5EB2BBD1F8500C2CFCE /* Frameworks */ = {
			isa = PBXFrameworksBuildPhase;
			buildActionMask = 2147483647;
			files = (
				F1E0A6412BBD20FE00C2CFCE /* FirebaseFirestore in Frameworks */,
				F1E0A6282BBD206F00C2CFCE /* SnapKit in Frameworks */,
				F1F4202A2BCE650E003B19D2 /* Toast in Frameworks */,
				F1E0A6472BBD21AF00C2CFCE /* RxCocoa in Frameworks */,
				F1E0A6252BBD205900C2CFCE /* RealmSwift in Frameworks */,
				F1E0A63E2BBD20BB00C2CFCE /* DGCharts in Frameworks */,
				F1E0A6232BBD205900C2CFCE /* Realm in Frameworks */,
				F1E0A6492BBD21AF00C2CFCE /* RxSwift in Frameworks */,
				F1E0A6442BBD211300C2CFCE /* Starscream in Frameworks */,
				F1E0A6302BBD208E00C2CFCE /* Alamofire in Frameworks */,
				F1E0A6322BBD208E00C2CFCE /* AlamofireDynamic in Frameworks */,
				F1E0A62A2BBD206F00C2CFCE /* SnapKit-Dynamic in Frameworks */,
				F1DA88E02BCFAD49005E8E22 /* SwiftJWT in Frameworks */,
				F1E0A62D2BBD207B00C2CFCE /* Kingfisher in Frameworks */,
			);
			runOnlyForDeploymentPostprocessing = 0;
		};
		F1E0A6012BBD1F8600C2CFCE /* Frameworks */ = {
			isa = PBXFrameworksBuildPhase;
			buildActionMask = 2147483647;
			files = (
			);
			runOnlyForDeploymentPostprocessing = 0;
		};
		F1E0A60B2BBD1F8600C2CFCE /* Frameworks */ = {
			isa = PBXFrameworksBuildPhase;
			buildActionMask = 2147483647;
			files = (
			);
			runOnlyForDeploymentPostprocessing = 0;
		};
/* End PBXFrameworksBuildPhase section */

/* Begin PBXGroup section */
		F1E0A5E52BBD1F8500C2CFCE = {
			isa = PBXGroup;
			children = (
				F1E0A5F02BBD1F8500C2CFCE /* Investor */,
				F1E0A6072BBD1F8600C2CFCE /* InvestorTests */,
				F1E0A6112BBD1F8600C2CFCE /* InvestorUITests */,
				F1E0A5EF2BBD1F8500C2CFCE /* Products */,
			);
			sourceTree = "<group>";
		};
		F1E0A5EF2BBD1F8500C2CFCE /* Products */ = {
			isa = PBXGroup;
			children = (
				F1E0A5EE2BBD1F8500C2CFCE /* Investor.app */,
				F1E0A6042BBD1F8600C2CFCE /* InvestorTests.xctest */,
				F1E0A60E2BBD1F8600C2CFCE /* InvestorUITests.xctest */,
			);
			name = Products;
			sourceTree = "<group>";
		};
		F1E0A5F02BBD1F8500C2CFCE /* Investor */ = {
			isa = PBXGroup;
			children = (
				F1E0A6582BBD22CD00C2CFCE /* Enum */,
				F1E0A6572BBD22C500C2CFCE /* Protocol */,
				F1E0A6562BBD22BC00C2CFCE /* LifeCycle */,
				F1E0A6552BBD22B500C2CFCE /* Extension */,
				F1E0A6532BBD22A500C2CFCE /* Service */,
				F1E0A6522BBD229E00C2CFCE /* ViewController */,
				F1E0A6512BBD229A00C2CFCE /* ViewModel */,
				F1E0A6502BBD229200C2CFCE /* Model */,
				F1E0A64F2BBD223400C2CFCE /* CustomView */,
				F1E0A64E2BBD223000C2CFCE /* Cell */,
				F1E0A5FA2BBD1F8600C2CFCE /* Assets.xcassets */,
				F1E0A5FC2BBD1F8600C2CFCE /* LaunchScreen.storyboard */,
				F1E0A5FF2BBD1F8600C2CFCE /* Info.plist */,
				F1E0A64B2BBD222000C2CFCE /* ApiKey.plist */,
				F1E0A64A2BBD222000C2CFCE /* GoogleService-Info.plist */,
			);
			path = Investor;
			sourceTree = "<group>";
		};
		F1E0A6072BBD1F8600C2CFCE /* InvestorTests */ = {
			isa = PBXGroup;
			children = (
				F1E0A6082BBD1F8600C2CFCE /* InvestorTests.swift */,
			);
			path = InvestorTests;
			sourceTree = "<group>";
		};
		F1E0A6112BBD1F8600C2CFCE /* InvestorUITests */ = {
			isa = PBXGroup;
			children = (
				F1E0A6122BBD1F8600C2CFCE /* InvestorUITests.swift */,
				F1E0A6142BBD1F8600C2CFCE /* InvestorUITestsLaunchTests.swift */,
			);
			path = InvestorUITests;
			sourceTree = "<group>";
		};
		F1E0A64E2BBD223000C2CFCE /* Cell */ = {
			isa = PBXGroup;
			children = (
				F1E0A68C2BBD28B100C2CFCE /* MarketCell.swift */,
				F1F1A3862BC7BEA8000CD879 /* ChatCell.swift */,
				F13B73D42BBE89B000C96F19 /* OrderbookCell.swift */,
				F12C8AAA2BCC13A500C4E99E /* TradeCell.swift */,
				F1E7CE8C2BD510C300E902CA /* AccountCell.swift */,
			);
			path = Cell;
			sourceTree = "<group>";
		};
		F1E0A64F2BBD223400C2CFCE /* CustomView */ = {
			isa = PBXGroup;
			children = (
				F1E0A69C2BBD2D1500C2CFCE /* ChatItemView.swift */,
				F1DA88E92BCFF740005E8E22 /* AccountView.swift */,
				F1E0A69A2BBD2D1500C2CFCE /* InputView.swift */,
				F1D0044A2BC92FE80032D272 /* PriceView.swift */,
				F1D004502BC970940032D272 /* StackChildView.swift */,
				F1E0A68E2BBD28CF00C2CFCE /* PercentView.swift */,
				F1E0A68F2BBD28CF00C2CFCE /* SingleCandleView.swift */,
				F1E7CE8E2BD512F700E902CA /* AutoSizeTableView.swift */,
			);
			path = CustomView;
			sourceTree = "<group>";
		};
		F1E0A6502BBD229200C2CFCE /* Model */ = {
			isa = PBXGroup;
			children = (
				F1E0A6772BBD283600C2CFCE /* Candle.swift */,
				F1E0A67A2BBD283700C2CFCE /* Chat.swift */,
				F1E0A67C2BBD283700C2CFCE /* MarketInfo.swift */,
				F1E0A67B2BBD283700C2CFCE /* MarketTicker.swift */,
				F1E0A6792BBD283700C2CFCE /* ApiTiker.swift */,
				F1E0A6782BBD283700C2CFCE /* SocketTicker.swift */,
				F1EA80122BC6CDCE00AE5F58 /* Orderbook.swift */,
				F12C8AA42BCC037700C4E99E /* Trade.swift */,
				F182FE9F2BC03C5500428E05 /* DateAxisValueFormatter.swift */,
				F1D0044E2BC945FF0032D272 /* WebSocketError.swift */,
				F1F420242BCE544D003B19D2 /* Favorite.swift */,
				F1DA88E12BCFB12B005E8E22 /* Payload.swift */,
				F1DA88E72BCFBA97005E8E22 /* Account.swift */,
			);
			path = Model;
			sourceTree = "<group>";
		};
		F1E0A6512BBD229A00C2CFCE /* ViewModel */ = {
			isa = PBXGroup;
			children = (
				F1E0A6712BBD254C00C2CFCE /* MarketViewModel.swift */,
				F1DA88E52BCFB8F5005E8E22 /* AccountViewModel.swift */,
				F13B73D02BBE79BC00C96F19 /* DetailViewModel.swift */,
				F1D5EA3B2BC5249C00578328 /* ChartViewModel.swift */,
				F1D5EA3F2BC5550800578328 /* OrderbookViewModel.swift */,
				F1E0A6A32BBD2D2400C2CFCE /* ChatViewModel.swift */,
				F1E0A6752BBD257700C2CFCE /* SettingViewModel.swift */,
			);
			path = ViewModel;
			sourceTree = "<group>";
		};
		F1E0A6522BBD229E00C2CFCE /* ViewController */ = {
			isa = PBXGroup;
			children = (
				F1E0A66F2BBD252D00C2CFCE /* MarketViewController.swift */,
				F1DA88E32BCFB8E3005E8E22 /* AccountViewController.swift */,
				F13B73CE2BBE799B00C96F19 /* DetailViewController.swift */,
				F1D5EA392BC5248700578328 /* ChartViewController.swift */,
				F1D5EA3D2BC554F700578328 /* OrderbookViewController.swift */,
				F1E0A6942BBD2D0800C2CFCE /* ChatViewController.swift */,
				F1E0A6732BBD256C00C2CFCE /* SettingViewController.swift */,
			);
			path = ViewController;
			sourceTree = "<group>";
		};
		F1E0A6532BBD22A500C2CFCE /* Service */ = {
			isa = PBXGroup;
			children = (
				F1E0A6A62BBD2D3100C2CFCE /* FireStoreService.swift */,
				F1E0A6832BBD284C00C2CFCE /* UpbitApiService.swift */,
				F1E0A6842BBD284C00C2CFCE /* UpbitSocketService.swift */,
				F1D5EA372BC5211200578328 /* PageService.swift */,
				F1F420262BCE54D9003B19D2 /* RealmService.swift */,
			);
			path = Service;
			sourceTree = "<group>";
		};
		F1E0A6552BBD22B500C2CFCE /* Extension */ = {
			isa = PBXGroup;
			children = (
				F1E0A6602BBD23DF00C2CFCE /* CALayer.swift */,
				F1E0A65E2BBD23DF00C2CFCE /* Date.swift */,
				F1E0A6592BBD23DF00C2CFCE /* Decodable.swift */,
				F1E0A65C2BBD23DF00C2CFCE /* Double.swift */,
				F1E0A65A2BBD23DF00C2CFCE /* String.swift */,
				F1E0A65B2BBD23DF00C2CFCE /* UIColor.swift */,
				F1E0A65D2BBD23DF00C2CFCE /* UILabel.swift */,
				F1E0A65F2BBD23DF00C2CFCE /* UIResponder.swift */,
			);
			path = Extension;
			sourceTree = "<group>";
		};
		F1E0A6562BBD22BC00C2CFCE /* LifeCycle */ = {
			isa = PBXGroup;
			children = (
				F1E0A5F12BBD1F8500C2CFCE /* AppDelegate.swift */,
				F1E0A5F32BBD1F8500C2CFCE /* SceneDelegate.swift */,
			);
			path = LifeCycle;
			sourceTree = "<group>";
		};
		F1E0A6572BBD22C500C2CFCE /* Protocol */ = {
			isa = PBXGroup;
			children = (
				F1E0A6A82BBD2D4F00C2CFCE /* TickerProtocol.swift */,
			);
			path = Protocol;
			sourceTree = "<group>";
		};
		F1E0A6582BBD22CD00C2CFCE /* Enum */ = {
			isa = PBXGroup;
			children = (
				F1E0A6872BBD285800C2CFCE /* CandleType.swift */,
				F1E0A6852BBD285800C2CFCE /* ChangeType.swift */,
				F1E0A6862BBD285800C2CFCE /* UnitType.swift */,
				F12C8AA82BCC074E00C4E99E /* AbType.swift */,
				F1F1A3842BC7B589000CD879 /* SubscriptionType.swift */,
				F1DA88DC2BCFAC65005E8E22 /* UpbitApiError.swift */,
			);
			path = Enum;
			sourceTree = "<group>";
		};
/* End PBXGroup section */

/* Begin PBXNativeTarget section */
		F1E0A5ED2BBD1F8500C2CFCE /* Investor */ = {
			isa = PBXNativeTarget;
			buildConfigurationList = F1E0A6182BBD1F8600C2CFCE /* Build configuration list for PBXNativeTarget "Investor" */;
			buildPhases = (
				F1E0A5EA2BBD1F8500C2CFCE /* Sources */,
				F1E0A5EB2BBD1F8500C2CFCE /* Frameworks */,
				F1E0A5EC2BBD1F8500C2CFCE /* Resources */,
			);
			buildRules = (
			);
			dependencies = (
			);
			name = Investor;
			packageProductDependencies = (
				F1E0A6222BBD205900C2CFCE /* Realm */,
				F1E0A6242BBD205900C2CFCE /* RealmSwift */,
				F1E0A6272BBD206F00C2CFCE /* SnapKit */,
				F1E0A6292BBD206F00C2CFCE /* SnapKit-Dynamic */,
				F1E0A62C2BBD207B00C2CFCE /* Kingfisher */,
				F1E0A62F2BBD208E00C2CFCE /* Alamofire */,
				F1E0A6312BBD208E00C2CFCE /* AlamofireDynamic */,
				F1E0A63D2BBD20BB00C2CFCE /* DGCharts */,
				F1E0A6402BBD20FE00C2CFCE /* FirebaseFirestore */,
				F1E0A6432BBD211300C2CFCE /* Starscream */,
				F1E0A6462BBD21AF00C2CFCE /* RxCocoa */,
				F1E0A6482BBD21AF00C2CFCE /* RxSwift */,
				F1F420292BCE650E003B19D2 /* Toast */,
				F1DA88DF2BCFAD49005E8E22 /* SwiftJWT */,
			);
			productName = Investor;
			productReference = F1E0A5EE2BBD1F8500C2CFCE /* Investor.app */;
			productType = "com.apple.product-type.application";
		};
		F1E0A6032BBD1F8600C2CFCE /* InvestorTests */ = {
			isa = PBXNativeTarget;
			buildConfigurationList = F1E0A61B2BBD1F8600C2CFCE /* Build configuration list for PBXNativeTarget "InvestorTests" */;
			buildPhases = (
				F1E0A6002BBD1F8600C2CFCE /* Sources */,
				F1E0A6012BBD1F8600C2CFCE /* Frameworks */,
				F1E0A6022BBD1F8600C2CFCE /* Resources */,
			);
			buildRules = (
			);
			dependencies = (
				F1E0A6062BBD1F8600C2CFCE /* PBXTargetDependency */,
			);
			name = InvestorTests;
			productName = InvestorTests;
			productReference = F1E0A6042BBD1F8600C2CFCE /* InvestorTests.xctest */;
			productType = "com.apple.product-type.bundle.unit-test";
		};
		F1E0A60D2BBD1F8600C2CFCE /* InvestorUITests */ = {
			isa = PBXNativeTarget;
			buildConfigurationList = F1E0A61E2BBD1F8600C2CFCE /* Build configuration list for PBXNativeTarget "InvestorUITests" */;
			buildPhases = (
				F1E0A60A2BBD1F8600C2CFCE /* Sources */,
				F1E0A60B2BBD1F8600C2CFCE /* Frameworks */,
				F1E0A60C2BBD1F8600C2CFCE /* Resources */,
			);
			buildRules = (
			);
			dependencies = (
				F1E0A6102BBD1F8600C2CFCE /* PBXTargetDependency */,
			);
			name = InvestorUITests;
			productName = InvestorUITests;
			productReference = F1E0A60E2BBD1F8600C2CFCE /* InvestorUITests.xctest */;
			productType = "com.apple.product-type.bundle.ui-testing";
		};
/* End PBXNativeTarget section */

/* Begin PBXProject section */
		F1E0A5E62BBD1F8500C2CFCE /* Project object */ = {
			isa = PBXProject;
			attributes = {
				BuildIndependentTargetsInParallel = 1;
				LastSwiftUpdateCheck = 1530;
				LastUpgradeCheck = 1530;
				TargetAttributes = {
					F1E0A5ED2BBD1F8500C2CFCE = {
						CreatedOnToolsVersion = 15.3;
					};
					F1E0A6032BBD1F8600C2CFCE = {
						CreatedOnToolsVersion = 15.3;
						TestTargetID = F1E0A5ED2BBD1F8500C2CFCE;
					};
					F1E0A60D2BBD1F8600C2CFCE = {
						CreatedOnToolsVersion = 15.3;
						TestTargetID = F1E0A5ED2BBD1F8500C2CFCE;
					};
				};
			};
			buildConfigurationList = F1E0A5E92BBD1F8500C2CFCE /* Build configuration list for PBXProject "Investor" */;
			compatibilityVersion = "Xcode 14.0";
			developmentRegion = en;
			hasScannedForEncodings = 0;
			knownRegions = (
				en,
				Base,
			);
			mainGroup = F1E0A5E52BBD1F8500C2CFCE;
			packageReferences = (
				F1E0A6212BBD205900C2CFCE /* XCRemoteSwiftPackageReference "realm-swift" */,
				F1E0A6262BBD206F00C2CFCE /* XCRemoteSwiftPackageReference "SnapKit" */,
				F1E0A62B2BBD207B00C2CFCE /* XCRemoteSwiftPackageReference "Kingfisher" */,
				F1E0A62E2BBD208E00C2CFCE /* XCRemoteSwiftPackageReference "Alamofire" */,
				F1E0A63C2BBD20BB00C2CFCE /* XCRemoteSwiftPackageReference "Charts" */,
				F1E0A63F2BBD20FE00C2CFCE /* XCRemoteSwiftPackageReference "firebase-ios-sdk" */,
				F1E0A6422BBD211300C2CFCE /* XCRemoteSwiftPackageReference "Starscream" */,
				F1E0A6452BBD21AF00C2CFCE /* XCRemoteSwiftPackageReference "RxSwift" */,
				F1F420282BCE650E003B19D2 /* XCRemoteSwiftPackageReference "Toast-Swift" */,
				F1DA88DE2BCFAD49005E8E22 /* XCRemoteSwiftPackageReference "Swift-JWT" */,
			);
			productRefGroup = F1E0A5EF2BBD1F8500C2CFCE /* Products */;
			projectDirPath = "";
			projectRoot = "";
			targets = (
				F1E0A5ED2BBD1F8500C2CFCE /* Investor */,
				F1E0A6032BBD1F8600C2CFCE /* InvestorTests */,
				F1E0A60D2BBD1F8600C2CFCE /* InvestorUITests */,
			);
		};
/* End PBXProject section */

/* Begin PBXResourcesBuildPhase section */
		F1E0A5EC2BBD1F8500C2CFCE /* Resources */ = {
			isa = PBXResourcesBuildPhase;
			buildActionMask = 2147483647;
			files = (
				F1E0A5FB2BBD1F8600C2CFCE /* Assets.xcassets in Resources */,
				F1E0A64C2BBD222200C2CFCE /* ApiKey.plist in Resources */,
				F1E0A64D2BBD222800C2CFCE /* GoogleService-Info.plist in Resources */,
				F1E0A5FE2BBD1F8600C2CFCE /* Base in Resources */,
			);
			runOnlyForDeploymentPostprocessing = 0;
		};
		F1E0A6022BBD1F8600C2CFCE /* Resources */ = {
			isa = PBXResourcesBuildPhase;
			buildActionMask = 2147483647;
			files = (
			);
			runOnlyForDeploymentPostprocessing = 0;
		};
		F1E0A60C2BBD1F8600C2CFCE /* Resources */ = {
			isa = PBXResourcesBuildPhase;
			buildActionMask = 2147483647;
			files = (
			);
			runOnlyForDeploymentPostprocessing = 0;
		};
/* End PBXResourcesBuildPhase section */

/* Begin PBXSourcesBuildPhase section */
		F1E0A5EA2BBD1F8500C2CFCE /* Sources */ = {
			isa = PBXSourcesBuildPhase;
			buildActionMask = 2147483647;
			files = (
				F1E0A6892BBD285C00C2CFCE /* ChangeType.swift in Sources */,
				F1E0A67E2BBD283C00C2CFCE /* Candle.swift in Sources */,
				F1E0A6672BBD23F200C2CFCE /* UILabel.swift in Sources */,
				F1E0A67D2BBD283A00C2CFCE /* ApiTiker.swift in Sources */,
				F1E0A6622BBD23E500C2CFCE /* Date.swift in Sources */,
				F1E0A6612BBD23E300C2CFCE /* CALayer.swift in Sources */,
				F1E7CE8D2BD510C300E902CA /* AccountCell.swift in Sources */,
				F13B73D12BBE79BC00C96F19 /* DetailViewModel.swift in Sources */,
				F1E0A6702BBD252D00C2CFCE /* MarketViewController.swift in Sources */,
				F1E0A6742BBD256C00C2CFCE /* SettingViewController.swift in Sources */,
				F1F1A3872BC7BEA9000CD879 /* ChatCell.swift in Sources */,
				F1E0A6722BBD254C00C2CFCE /* MarketViewModel.swift in Sources */,
				F1D0044B2BC92FE80032D272 /* PriceView.swift in Sources */,
				F1E0A6632BBD23E800C2CFCE /* Decodable.swift in Sources */,
				F1F420272BCE54D9003B19D2 /* RealmService.swift in Sources */,
				F1E0A6A12BBD2D1500C2CFCE /* ChatItemView.swift in Sources */,
				F13B73D32BBE868400C96F19 /* ChatViewModel.swift in Sources */,
				F1EA80132BC6CDCE00AE5F58 /* Orderbook.swift in Sources */,
				F182FEA02BC03C5500428E05 /* DateAxisValueFormatter.swift in Sources */,
				F1E0A6662BBD23EF00C2CFCE /* UIColor.swift in Sources */,
				F1E0A6912BBD28D400C2CFCE /* SingleCandleView.swift in Sources */,
				F1E0A6812BBD284300C2CFCE /* MarketTicker.swift in Sources */,
				F1D5EA402BC5550800578328 /* OrderbookViewModel.swift in Sources */,
				F1DA88E62BCFB8F5005E8E22 /* AccountViewModel.swift in Sources */,
				F1E0A5F22BBD1F8500C2CFCE /* AppDelegate.swift in Sources */,
				F1DA88EA2BCFF740005E8E22 /* AccountView.swift in Sources */,
				F1E0A6762BBD257700C2CFCE /* SettingViewModel.swift in Sources */,
				F1E0A6A92BBD2D4F00C2CFCE /* TickerProtocol.swift in Sources */,
				F1E0A67F2BBD283E00C2CFCE /* Chat.swift in Sources */,
				F1DA88E82BCFBA97005E8E22 /* Account.swift in Sources */,
				F12C8AAB2BCC13A500C4E99E /* TradeCell.swift in Sources */,
				F1E0A5F42BBD1F8500C2CFCE /* SceneDelegate.swift in Sources */,
				F1E0A6882BBD285A00C2CFCE /* CandleType.swift in Sources */,
				F1D5EA362BC516B500578328 /* DetailViewController.swift in Sources */,
				F1E0A6A72BBD2D3100C2CFCE /* FireStoreService.swift in Sources */,
				F1D5EA3C2BC5249C00578328 /* ChartViewModel.swift in Sources */,
				F12C8AA52BCC037700C4E99E /* Trade.swift in Sources */,
				F1D0044F2BC945FF0032D272 /* WebSocketError.swift in Sources */,
				F1F420252BCE544D003B19D2 /* Favorite.swift in Sources */,
				F1E0A6932BBD291C00C2CFCE /* UpbitApiService.swift in Sources */,
				F12C8AA92BCC074F00C4E99E /* AbType.swift in Sources */,
				F1E0A68D2BBD28B400C2CFCE /* MarketCell.swift in Sources */,
				F1D5EA3A2BC5248700578328 /* ChartViewController.swift in Sources */,
				F1E0A6682BBD23F400C2CFCE /* UIResponder.swift in Sources */,
				F1E0A69F2BBD2D1500C2CFCE /* InputView.swift in Sources */,
				F13B73D22BBE868100C96F19 /* ChatViewController.swift in Sources */,
				F1E0A68B2BBD285F00C2CFCE /* UnitType.swift in Sources */,
				F13B73D52BBE89B000C96F19 /* OrderbookCell.swift in Sources */,
				F1E0A6802BBD284100C2CFCE /* MarketInfo.swift in Sources */,
				F1E0A6652BBD23ED00C2CFCE /* String.swift in Sources */,
				F1E0A6642BBD23EA00C2CFCE /* Double.swift in Sources */,
				F1E0A6922BBD291A00C2CFCE /* UpbitSocketService.swift in Sources */,
				F1E0A6902BBD28D200C2CFCE /* PercentView.swift in Sources */,
				F1E7CE8F2BD512F700E902CA /* AutoSizeTableView.swift in Sources */,
				F1D5EA382BC5211200578328 /* PageService.swift in Sources */,
				F1DA88E42BCFB8E3005E8E22 /* AccountViewController.swift in Sources */,
				F1DA88E22BCFB12B005E8E22 /* Payload.swift in Sources */,
				F1E0A6822BBD284500C2CFCE /* SocketTicker.swift in Sources */,
				F1D004512BC970940032D272 /* StackChildView.swift in Sources */,
				F1F1A3852BC7B589000CD879 /* SubscriptionType.swift in Sources */,
				F1D5EA3E2BC554F700578328 /* OrderbookViewController.swift in Sources */,
				F1DA88DD2BCFAC65005E8E22 /* UpbitApiError.swift in Sources */,
			);
			runOnlyForDeploymentPostprocessing = 0;
		};
		F1E0A6002BBD1F8600C2CFCE /* Sources */ = {
			isa = PBXSourcesBuildPhase;
			buildActionMask = 2147483647;
			files = (
				F1E0A6092BBD1F8600C2CFCE /* InvestorTests.swift in Sources */,
			);
			runOnlyForDeploymentPostprocessing = 0;
		};
		F1E0A60A2BBD1F8600C2CFCE /* Sources */ = {
			isa = PBXSourcesBuildPhase;
			buildActionMask = 2147483647;
			files = (
				F1E0A6152BBD1F8600C2CFCE /* InvestorUITestsLaunchTests.swift in Sources */,
				F1E0A6132BBD1F8600C2CFCE /* InvestorUITests.swift in Sources */,
			);
			runOnlyForDeploymentPostprocessing = 0;
		};
/* End PBXSourcesBuildPhase section */

/* Begin PBXTargetDependency section */
		F1E0A6062BBD1F8600C2CFCE /* PBXTargetDependency */ = {
			isa = PBXTargetDependency;
			target = F1E0A5ED2BBD1F8500C2CFCE /* Investor */;
			targetProxy = F1E0A6052BBD1F8600C2CFCE /* PBXContainerItemProxy */;
		};
		F1E0A6102BBD1F8600C2CFCE /* PBXTargetDependency */ = {
			isa = PBXTargetDependency;
			target = F1E0A5ED2BBD1F8500C2CFCE /* Investor */;
			targetProxy = F1E0A60F2BBD1F8600C2CFCE /* PBXContainerItemProxy */;
		};
/* End PBXTargetDependency section */

/* Begin PBXVariantGroup section */
		F1E0A5FC2BBD1F8600C2CFCE /* LaunchScreen.storyboard */ = {
			isa = PBXVariantGroup;
			children = (
				F1E0A5FD2BBD1F8600C2CFCE /* Base */,
			);
			name = LaunchScreen.storyboard;
			sourceTree = "<group>";
		};
/* End PBXVariantGroup section */

/* Begin XCBuildConfiguration section */
		F1E0A6162BBD1F8600C2CFCE /* Debug */ = {
			isa = XCBuildConfiguration;
			buildSettings = {
				ALWAYS_SEARCH_USER_PATHS = NO;
				ASSETCATALOG_COMPILER_GENERATE_SWIFT_ASSET_SYMBOL_EXTENSIONS = YES;
				CLANG_ANALYZER_NONNULL = YES;
				CLANG_ANALYZER_NUMBER_OBJECT_CONVERSION = YES_AGGRESSIVE;
				CLANG_CXX_LANGUAGE_STANDARD = "gnu++20";
				CLANG_ENABLE_MODULES = YES;
				CLANG_ENABLE_OBJC_ARC = YES;
				CLANG_ENABLE_OBJC_WEAK = YES;
				CLANG_WARN_BLOCK_CAPTURE_AUTORELEASING = YES;
				CLANG_WARN_BOOL_CONVERSION = YES;
				CLANG_WARN_COMMA = YES;
				CLANG_WARN_CONSTANT_CONVERSION = YES;
				CLANG_WARN_DEPRECATED_OBJC_IMPLEMENTATIONS = YES;
				CLANG_WARN_DIRECT_OBJC_ISA_USAGE = YES_ERROR;
				CLANG_WARN_DOCUMENTATION_COMMENTS = YES;
				CLANG_WARN_EMPTY_BODY = YES;
				CLANG_WARN_ENUM_CONVERSION = YES;
				CLANG_WARN_INFINITE_RECURSION = YES;
				CLANG_WARN_INT_CONVERSION = YES;
				CLANG_WARN_NON_LITERAL_NULL_CONVERSION = YES;
				CLANG_WARN_OBJC_IMPLICIT_RETAIN_SELF = YES;
				CLANG_WARN_OBJC_LITERAL_CONVERSION = YES;
				CLANG_WARN_OBJC_ROOT_CLASS = YES_ERROR;
				CLANG_WARN_QUOTED_INCLUDE_IN_FRAMEWORK_HEADER = YES;
				CLANG_WARN_RANGE_LOOP_ANALYSIS = YES;
				CLANG_WARN_STRICT_PROTOTYPES = YES;
				CLANG_WARN_SUSPICIOUS_MOVE = YES;
				CLANG_WARN_UNGUARDED_AVAILABILITY = YES_AGGRESSIVE;
				CLANG_WARN_UNREACHABLE_CODE = YES;
				CLANG_WARN__DUPLICATE_METHOD_MATCH = YES;
				COPY_PHASE_STRIP = NO;
				DEBUG_INFORMATION_FORMAT = dwarf;
				ENABLE_STRICT_OBJC_MSGSEND = YES;
				ENABLE_TESTABILITY = YES;
				ENABLE_USER_SCRIPT_SANDBOXING = YES;
				GCC_C_LANGUAGE_STANDARD = gnu17;
				GCC_DYNAMIC_NO_PIC = NO;
				GCC_NO_COMMON_BLOCKS = YES;
				GCC_OPTIMIZATION_LEVEL = 0;
				GCC_PREPROCESSOR_DEFINITIONS = (
					"DEBUG=1",
					"$(inherited)",
				);
				GCC_WARN_64_TO_32_BIT_CONVERSION = YES;
				GCC_WARN_ABOUT_RETURN_TYPE = YES_ERROR;
				GCC_WARN_UNDECLARED_SELECTOR = YES;
				GCC_WARN_UNINITIALIZED_AUTOS = YES_AGGRESSIVE;
				GCC_WARN_UNUSED_FUNCTION = YES;
				GCC_WARN_UNUSED_VARIABLE = YES;
				IPHONEOS_DEPLOYMENT_TARGET = 17.4;
				LOCALIZATION_PREFERS_STRING_CATALOGS = YES;
				MTL_ENABLE_DEBUG_INFO = INCLUDE_SOURCE;
				MTL_FAST_MATH = YES;
				ONLY_ACTIVE_ARCH = YES;
				SDKROOT = iphoneos;
				SWIFT_ACTIVE_COMPILATION_CONDITIONS = "DEBUG $(inherited)";
				SWIFT_OPTIMIZATION_LEVEL = "-Onone";
			};
			name = Debug;
		};
		F1E0A6172BBD1F8600C2CFCE /* Release */ = {
			isa = XCBuildConfiguration;
			buildSettings = {
				ALWAYS_SEARCH_USER_PATHS = NO;
				ASSETCATALOG_COMPILER_GENERATE_SWIFT_ASSET_SYMBOL_EXTENSIONS = YES;
				CLANG_ANALYZER_NONNULL = YES;
				CLANG_ANALYZER_NUMBER_OBJECT_CONVERSION = YES_AGGRESSIVE;
				CLANG_CXX_LANGUAGE_STANDARD = "gnu++20";
				CLANG_ENABLE_MODULES = YES;
				CLANG_ENABLE_OBJC_ARC = YES;
				CLANG_ENABLE_OBJC_WEAK = YES;
				CLANG_WARN_BLOCK_CAPTURE_AUTORELEASING = YES;
				CLANG_WARN_BOOL_CONVERSION = YES;
				CLANG_WARN_COMMA = YES;
				CLANG_WARN_CONSTANT_CONVERSION = YES;
				CLANG_WARN_DEPRECATED_OBJC_IMPLEMENTATIONS = YES;
				CLANG_WARN_DIRECT_OBJC_ISA_USAGE = YES_ERROR;
				CLANG_WARN_DOCUMENTATION_COMMENTS = YES;
				CLANG_WARN_EMPTY_BODY = YES;
				CLANG_WARN_ENUM_CONVERSION = YES;
				CLANG_WARN_INFINITE_RECURSION = YES;
				CLANG_WARN_INT_CONVERSION = YES;
				CLANG_WARN_NON_LITERAL_NULL_CONVERSION = YES;
				CLANG_WARN_OBJC_IMPLICIT_RETAIN_SELF = YES;
				CLANG_WARN_OBJC_LITERAL_CONVERSION = YES;
				CLANG_WARN_OBJC_ROOT_CLASS = YES_ERROR;
				CLANG_WARN_QUOTED_INCLUDE_IN_FRAMEWORK_HEADER = YES;
				CLANG_WARN_RANGE_LOOP_ANALYSIS = YES;
				CLANG_WARN_STRICT_PROTOTYPES = YES;
				CLANG_WARN_SUSPICIOUS_MOVE = YES;
				CLANG_WARN_UNGUARDED_AVAILABILITY = YES_AGGRESSIVE;
				CLANG_WARN_UNREACHABLE_CODE = YES;
				CLANG_WARN__DUPLICATE_METHOD_MATCH = YES;
				COPY_PHASE_STRIP = NO;
				DEBUG_INFORMATION_FORMAT = "dwarf-with-dsym";
				ENABLE_NS_ASSERTIONS = NO;
				ENABLE_STRICT_OBJC_MSGSEND = YES;
				ENABLE_USER_SCRIPT_SANDBOXING = YES;
				GCC_C_LANGUAGE_STANDARD = gnu17;
				GCC_NO_COMMON_BLOCKS = YES;
				GCC_WARN_64_TO_32_BIT_CONVERSION = YES;
				GCC_WARN_ABOUT_RETURN_TYPE = YES_ERROR;
				GCC_WARN_UNDECLARED_SELECTOR = YES;
				GCC_WARN_UNINITIALIZED_AUTOS = YES_AGGRESSIVE;
				GCC_WARN_UNUSED_FUNCTION = YES;
				GCC_WARN_UNUSED_VARIABLE = YES;
				IPHONEOS_DEPLOYMENT_TARGET = 17.4;
				LOCALIZATION_PREFERS_STRING_CATALOGS = YES;
				MTL_ENABLE_DEBUG_INFO = NO;
				MTL_FAST_MATH = YES;
				SDKROOT = iphoneos;
				SWIFT_COMPILATION_MODE = wholemodule;
				VALIDATE_PRODUCT = YES;
			};
			name = Release;
		};
		F1E0A6192BBD1F8600C2CFCE /* Debug */ = {
			isa = XCBuildConfiguration;
			buildSettings = {
				ASSETCATALOG_COMPILER_APPICON_NAME = AppIcon;
				ASSETCATALOG_COMPILER_GLOBAL_ACCENT_COLOR_NAME = AccentColor;
				CODE_SIGN_STYLE = Automatic;
				CURRENT_PROJECT_VERSION = 1;
				DEVELOPMENT_TEAM = 2WGLRC4Y2A;
				GENERATE_INFOPLIST_FILE = YES;
				INFOPLIST_FILE = Investor/Info.plist;
				INFOPLIST_KEY_UIApplicationSupportsIndirectInputEvents = YES;
				INFOPLIST_KEY_UILaunchStoryboardName = LaunchScreen;
				INFOPLIST_KEY_UISupportedInterfaceOrientations_iPad = "UIInterfaceOrientationPortrait UIInterfaceOrientationPortraitUpsideDown UIInterfaceOrientationLandscapeLeft UIInterfaceOrientationLandscapeRight";
				INFOPLIST_KEY_UISupportedInterfaceOrientations_iPhone = "UIInterfaceOrientationPortrait UIInterfaceOrientationLandscapeLeft UIInterfaceOrientationLandscapeRight";
				LD_RUNPATH_SEARCH_PATHS = (
					"$(inherited)",
					"@executable_path/Frameworks",
				);
				MARKETING_VERSION = 1.0;
				PRODUCT_BUNDLE_IDENTIFIER = com.jeongyeon.Investor;
				PRODUCT_NAME = "$(TARGET_NAME)";
				SWIFT_EMIT_LOC_STRINGS = YES;
				SWIFT_VERSION = 5.0;
				TARGETED_DEVICE_FAMILY = "1,2";
			};
			name = Debug;
		};
		F1E0A61A2BBD1F8600C2CFCE /* Release */ = {
			isa = XCBuildConfiguration;
			buildSettings = {
				ASSETCATALOG_COMPILER_APPICON_NAME = AppIcon;
				ASSETCATALOG_COMPILER_GLOBAL_ACCENT_COLOR_NAME = AccentColor;
				CODE_SIGN_STYLE = Automatic;
				CURRENT_PROJECT_VERSION = 1;
				DEVELOPMENT_TEAM = 2WGLRC4Y2A;
				GENERATE_INFOPLIST_FILE = YES;
				INFOPLIST_FILE = Investor/Info.plist;
				INFOPLIST_KEY_UIApplicationSupportsIndirectInputEvents = YES;
				INFOPLIST_KEY_UILaunchStoryboardName = LaunchScreen;
				INFOPLIST_KEY_UISupportedInterfaceOrientations_iPad = "UIInterfaceOrientationPortrait UIInterfaceOrientationPortraitUpsideDown UIInterfaceOrientationLandscapeLeft UIInterfaceOrientationLandscapeRight";
				INFOPLIST_KEY_UISupportedInterfaceOrientations_iPhone = "UIInterfaceOrientationPortrait UIInterfaceOrientationLandscapeLeft UIInterfaceOrientationLandscapeRight";
				LD_RUNPATH_SEARCH_PATHS = (
					"$(inherited)",
					"@executable_path/Frameworks",
				);
				MARKETING_VERSION = 1.0;
				PRODUCT_BUNDLE_IDENTIFIER = com.jeongyeon.Investor;
				PRODUCT_NAME = "$(TARGET_NAME)";
				SWIFT_EMIT_LOC_STRINGS = YES;
				SWIFT_VERSION = 5.0;
				TARGETED_DEVICE_FAMILY = "1,2";
			};
			name = Release;
		};
		F1E0A61C2BBD1F8600C2CFCE /* Debug */ = {
			isa = XCBuildConfiguration;
			buildSettings = {
				ALWAYS_EMBED_SWIFT_STANDARD_LIBRARIES = YES;
				BUNDLE_LOADER = "$(TEST_HOST)";
				CODE_SIGN_STYLE = Automatic;
				CURRENT_PROJECT_VERSION = 1;
				DEVELOPMENT_TEAM = 2WGLRC4Y2A;
				GENERATE_INFOPLIST_FILE = YES;
				IPHONEOS_DEPLOYMENT_TARGET = 17.4;
				MARKETING_VERSION = 1.0;
				PRODUCT_BUNDLE_IDENTIFIER = com.jeongyeon.InvestorTests;
				PRODUCT_NAME = "$(TARGET_NAME)";
				SWIFT_EMIT_LOC_STRINGS = NO;
				SWIFT_VERSION = 5.0;
				TARGETED_DEVICE_FAMILY = "1,2";
				TEST_HOST = "$(BUILT_PRODUCTS_DIR)/Investor.app/$(BUNDLE_EXECUTABLE_FOLDER_PATH)/Investor";
			};
			name = Debug;
		};
		F1E0A61D2BBD1F8600C2CFCE /* Release */ = {
			isa = XCBuildConfiguration;
			buildSettings = {
				ALWAYS_EMBED_SWIFT_STANDARD_LIBRARIES = YES;
				BUNDLE_LOADER = "$(TEST_HOST)";
				CODE_SIGN_STYLE = Automatic;
				CURRENT_PROJECT_VERSION = 1;
				DEVELOPMENT_TEAM = 2WGLRC4Y2A;
				GENERATE_INFOPLIST_FILE = YES;
				IPHONEOS_DEPLOYMENT_TARGET = 17.4;
				MARKETING_VERSION = 1.0;
				PRODUCT_BUNDLE_IDENTIFIER = com.jeongyeon.InvestorTests;
				PRODUCT_NAME = "$(TARGET_NAME)";
				SWIFT_EMIT_LOC_STRINGS = NO;
				SWIFT_VERSION = 5.0;
				TARGETED_DEVICE_FAMILY = "1,2";
				TEST_HOST = "$(BUILT_PRODUCTS_DIR)/Investor.app/$(BUNDLE_EXECUTABLE_FOLDER_PATH)/Investor";
			};
			name = Release;
		};
		F1E0A61F2BBD1F8600C2CFCE /* Debug */ = {
			isa = XCBuildConfiguration;
			buildSettings = {
				ALWAYS_EMBED_SWIFT_STANDARD_LIBRARIES = YES;
				CODE_SIGN_STYLE = Automatic;
				CURRENT_PROJECT_VERSION = 1;
				DEVELOPMENT_TEAM = 2WGLRC4Y2A;
				GENERATE_INFOPLIST_FILE = YES;
				MARKETING_VERSION = 1.0;
				PRODUCT_BUNDLE_IDENTIFIER = com.jeongyeon.InvestorUITests;
				PRODUCT_NAME = "$(TARGET_NAME)";
				SWIFT_EMIT_LOC_STRINGS = NO;
				SWIFT_VERSION = 5.0;
				TARGETED_DEVICE_FAMILY = "1,2";
				TEST_TARGET_NAME = Investor;
			};
			name = Debug;
		};
		F1E0A6202BBD1F8600C2CFCE /* Release */ = {
			isa = XCBuildConfiguration;
			buildSettings = {
				ALWAYS_EMBED_SWIFT_STANDARD_LIBRARIES = YES;
				CODE_SIGN_STYLE = Automatic;
				CURRENT_PROJECT_VERSION = 1;
				DEVELOPMENT_TEAM = 2WGLRC4Y2A;
				GENERATE_INFOPLIST_FILE = YES;
				MARKETING_VERSION = 1.0;
				PRODUCT_BUNDLE_IDENTIFIER = com.jeongyeon.InvestorUITests;
				PRODUCT_NAME = "$(TARGET_NAME)";
				SWIFT_EMIT_LOC_STRINGS = NO;
				SWIFT_VERSION = 5.0;
				TARGETED_DEVICE_FAMILY = "1,2";
				TEST_TARGET_NAME = Investor;
			};
			name = Release;
		};
/* End XCBuildConfiguration section */

/* Begin XCConfigurationList section */
		F1E0A5E92BBD1F8500C2CFCE /* Build configuration list for PBXProject "Investor" */ = {
			isa = XCConfigurationList;
			buildConfigurations = (
				F1E0A6162BBD1F8600C2CFCE /* Debug */,
				F1E0A6172BBD1F8600C2CFCE /* Release */,
			);
			defaultConfigurationIsVisible = 0;
			defaultConfigurationName = Release;
		};
		F1E0A6182BBD1F8600C2CFCE /* Build configuration list for PBXNativeTarget "Investor" */ = {
			isa = XCConfigurationList;
			buildConfigurations = (
				F1E0A6192BBD1F8600C2CFCE /* Debug */,
				F1E0A61A2BBD1F8600C2CFCE /* Release */,
			);
			defaultConfigurationIsVisible = 0;
			defaultConfigurationName = Release;
		};
		F1E0A61B2BBD1F8600C2CFCE /* Build configuration list for PBXNativeTarget "InvestorTests" */ = {
			isa = XCConfigurationList;
			buildConfigurations = (
				F1E0A61C2BBD1F8600C2CFCE /* Debug */,
				F1E0A61D2BBD1F8600C2CFCE /* Release */,
			);
			defaultConfigurationIsVisible = 0;
			defaultConfigurationName = Release;
		};
		F1E0A61E2BBD1F8600C2CFCE /* Build configuration list for PBXNativeTarget "InvestorUITests" */ = {
			isa = XCConfigurationList;
			buildConfigurations = (
				F1E0A61F2BBD1F8600C2CFCE /* Debug */,
				F1E0A6202BBD1F8600C2CFCE /* Release */,
			);
			defaultConfigurationIsVisible = 0;
			defaultConfigurationName = Release;
		};
/* End XCConfigurationList section */

/* Begin XCRemoteSwiftPackageReference section */
		F1DA88DE2BCFAD49005E8E22 /* XCRemoteSwiftPackageReference "Swift-JWT" */ = {
			isa = XCRemoteSwiftPackageReference;
			repositoryURL = "https://github.com/Kitura/Swift-JWT.git";
			requirement = {
				kind = upToNextMajorVersion;
				minimumVersion = 4.0.1;
			};
		};
		F1E0A6212BBD205900C2CFCE /* XCRemoteSwiftPackageReference "realm-swift" */ = {
			isa = XCRemoteSwiftPackageReference;
			repositoryURL = "https://github.com/realm/realm-swift.git";
			requirement = {
				branch = master;
				kind = branch;
			};
		};
		F1E0A6262BBD206F00C2CFCE /* XCRemoteSwiftPackageReference "SnapKit" */ = {
			isa = XCRemoteSwiftPackageReference;
			repositoryURL = "https://github.com/SnapKit/SnapKit";
			requirement = {
				kind = upToNextMajorVersion;
				minimumVersion = 5.7.1;
			};
		};
		F1E0A62B2BBD207B00C2CFCE /* XCRemoteSwiftPackageReference "Kingfisher" */ = {
			isa = XCRemoteSwiftPackageReference;
			repositoryURL = "https://github.com/onevcat/Kingfisher.git";
			requirement = {
				kind = upToNextMajorVersion;
				minimumVersion = 7.11.0;
			};
		};
		F1E0A62E2BBD208E00C2CFCE /* XCRemoteSwiftPackageReference "Alamofire" */ = {
			isa = XCRemoteSwiftPackageReference;
			repositoryURL = "https://github.com/Alamofire/Alamofire.git";
			requirement = {
				kind = upToNextMajorVersion;
				minimumVersion = 5.9.1;
			};
		};
		F1E0A63C2BBD20BB00C2CFCE /* XCRemoteSwiftPackageReference "Charts" */ = {
			isa = XCRemoteSwiftPackageReference;
			repositoryURL = "https://github.com/danielgindi/Charts.git";
			requirement = {
				kind = upToNextMajorVersion;
				minimumVersion = 5.1.0;
			};
		};
		F1E0A63F2BBD20FE00C2CFCE /* XCRemoteSwiftPackageReference "firebase-ios-sdk" */ = {
			isa = XCRemoteSwiftPackageReference;
			repositoryURL = "https://github.com/firebase/firebase-ios-sdk";
			requirement = {
				kind = upToNextMajorVersion;
				minimumVersion = 10.23.1;
			};
		};
		F1E0A6422BBD211300C2CFCE /* XCRemoteSwiftPackageReference "Starscream" */ = {
			isa = XCRemoteSwiftPackageReference;
			repositoryURL = "https://github.com/daltoniam/Starscream.git";
			requirement = {
				kind = upToNextMajorVersion;
				minimumVersion = 4.0.8;
			};
		};
		F1E0A6452BBD21AF00C2CFCE /* XCRemoteSwiftPackageReference "RxSwift" */ = {
			isa = XCRemoteSwiftPackageReference;
			repositoryURL = "https://github.com/ReactiveX/RxSwift.git";
			requirement = {
				kind = upToNextMajorVersion;
				minimumVersion = 6.6.0;
			};
		};
		F1F420282BCE650E003B19D2 /* XCRemoteSwiftPackageReference "Toast-Swift" */ = {
			isa = XCRemoteSwiftPackageReference;
			repositoryURL = "https://github.com/scalessec/Toast-Swift.git";
			requirement = {
				kind = upToNextMajorVersion;
				minimumVersion = 5.1.1;
			};
		};
/* End XCRemoteSwiftPackageReference section */

/* Begin XCSwiftPackageProductDependency section */
		F1DA88DF2BCFAD49005E8E22 /* SwiftJWT */ = {
			isa = XCSwiftPackageProductDependency;
			package = F1DA88DE2BCFAD49005E8E22 /* XCRemoteSwiftPackageReference "Swift-JWT" */;
			productName = SwiftJWT;
		};
		F1E0A6222BBD205900C2CFCE /* Realm */ = {
			isa = XCSwiftPackageProductDependency;
			package = F1E0A6212BBD205900C2CFCE /* XCRemoteSwiftPackageReference "realm-swift" */;
			productName = Realm;
		};
		F1E0A6242BBD205900C2CFCE /* RealmSwift */ = {
			isa = XCSwiftPackageProductDependency;
			package = F1E0A6212BBD205900C2CFCE /* XCRemoteSwiftPackageReference "realm-swift" */;
			productName = RealmSwift;
		};
		F1E0A6272BBD206F00C2CFCE /* SnapKit */ = {
			isa = XCSwiftPackageProductDependency;
			package = F1E0A6262BBD206F00C2CFCE /* XCRemoteSwiftPackageReference "SnapKit" */;
			productName = SnapKit;
		};
		F1E0A6292BBD206F00C2CFCE /* SnapKit-Dynamic */ = {
			isa = XCSwiftPackageProductDependency;
			package = F1E0A6262BBD206F00C2CFCE /* XCRemoteSwiftPackageReference "SnapKit" */;
			productName = "SnapKit-Dynamic";
		};
		F1E0A62C2BBD207B00C2CFCE /* Kingfisher */ = {
			isa = XCSwiftPackageProductDependency;
			package = F1E0A62B2BBD207B00C2CFCE /* XCRemoteSwiftPackageReference "Kingfisher" */;
			productName = Kingfisher;
		};
		F1E0A62F2BBD208E00C2CFCE /* Alamofire */ = {
			isa = XCSwiftPackageProductDependency;
			package = F1E0A62E2BBD208E00C2CFCE /* XCRemoteSwiftPackageReference "Alamofire" */;
			productName = Alamofire;
		};
		F1E0A6312BBD208E00C2CFCE /* AlamofireDynamic */ = {
			isa = XCSwiftPackageProductDependency;
			package = F1E0A62E2BBD208E00C2CFCE /* XCRemoteSwiftPackageReference "Alamofire" */;
			productName = AlamofireDynamic;
		};
		F1E0A63D2BBD20BB00C2CFCE /* DGCharts */ = {
			isa = XCSwiftPackageProductDependency;
			package = F1E0A63C2BBD20BB00C2CFCE /* XCRemoteSwiftPackageReference "Charts" */;
			productName = DGCharts;
		};
		F1E0A6402BBD20FE00C2CFCE /* FirebaseFirestore */ = {
			isa = XCSwiftPackageProductDependency;
			package = F1E0A63F2BBD20FE00C2CFCE /* XCRemoteSwiftPackageReference "firebase-ios-sdk" */;
			productName = FirebaseFirestore;
		};
		F1E0A6432BBD211300C2CFCE /* Starscream */ = {
			isa = XCSwiftPackageProductDependency;
			package = F1E0A6422BBD211300C2CFCE /* XCRemoteSwiftPackageReference "Starscream" */;
			productName = Starscream;
		};
		F1E0A6462BBD21AF00C2CFCE /* RxCocoa */ = {
			isa = XCSwiftPackageProductDependency;
			package = F1E0A6452BBD21AF00C2CFCE /* XCRemoteSwiftPackageReference "RxSwift" */;
			productName = RxCocoa;
		};
		F1E0A6482BBD21AF00C2CFCE /* RxSwift */ = {
			isa = XCSwiftPackageProductDependency;
			package = F1E0A6452BBD21AF00C2CFCE /* XCRemoteSwiftPackageReference "RxSwift" */;
			productName = RxSwift;
		};
		F1F420292BCE650E003B19D2 /* Toast */ = {
			isa = XCSwiftPackageProductDependency;
			package = F1F420282BCE650E003B19D2 /* XCRemoteSwiftPackageReference "Toast-Swift" */;
			productName = Toast;
		};
/* End XCSwiftPackageProductDependency section */
	};
	rootObject = F1E0A5E62BBD1F8500C2CFCE /* Project object */;
}
