// !$*UTF8*$!
{
	archiveVersion = 1;
	classes = {
	};
	objectVersion = 56;
	objects = {

/* Begin PBXBuildFile section */
		2C6FA9DAB4BB89EF0E1481D8 /* Pods_Investor_InvestorUITests.framework in Frameworks */ = {isa = PBXBuildFile; fileRef = 88A738F0B8EA3DC6BB459D6F /* Pods_Investor_InvestorUITests.framework */; };
		C66C21B728A3220BD1C974B9 /* Pods_Investor.framework in Frameworks */ = {isa = PBXBuildFile; fileRef = 6C960BA89185CF26B7677B38 /* Pods_Investor.framework */; };
		F104834E2B84CD0F007D532A /* CALayer.swift in Sources */ = {isa = PBXBuildFile; fileRef = F104834D2B84CD0F007D532A /* CALayer.swift */; };
		F10483502B84CD24007D532A /* UIColor.swift in Sources */ = {isa = PBXBuildFile; fileRef = F104834F2B84CD24007D532A /* UIColor.swift */; };
		F10483522B84CD3E007D532A /* UIResponder.swift in Sources */ = {isa = PBXBuildFile; fileRef = F10483512B84CD3E007D532A /* UIResponder.swift */; };
		F10483542B84CD52007D532A /* Double.swift in Sources */ = {isa = PBXBuildFile; fileRef = F10483532B84CD52007D532A /* Double.swift */; };
		F10483562B84CD73007D532A /* UILabel.swift in Sources */ = {isa = PBXBuildFile; fileRef = F10483552B84CD73007D532A /* UILabel.swift */; };
		F10483582B84CD85007D532A /* String.swift in Sources */ = {isa = PBXBuildFile; fileRef = F10483572B84CD85007D532A /* String.swift */; };
		F104835A2B84CEA5007D532A /* GoogleService-Info.plist in Resources */ = {isa = PBXBuildFile; fileRef = F10483592B84CEA5007D532A /* GoogleService-Info.plist */; };
		F104835D2B84CF5E007D532A /* GoogleSignIn in Frameworks */ = {isa = PBXBuildFile; productRef = F104835C2B84CF5E007D532A /* GoogleSignIn */; };
		F104835F2B84CF5E007D532A /* GoogleSignInSwift in Frameworks */ = {isa = PBXBuildFile; productRef = F104835E2B84CF5E007D532A /* GoogleSignInSwift */; };
		F10483632B84D00F007D532A /* AuthViewController.swift in Sources */ = {isa = PBXBuildFile; fileRef = F10483622B84D00F007D532A /* AuthViewController.swift */; };
		F121ABA22B84D387001DB314 /* GIDSignInButton.swift in Sources */ = {isa = PBXBuildFile; fileRef = F121ABA12B84D387001DB314 /* GIDSignInButton.swift */; };
		F121ABA42B84D5CB001DB314 /* AuthViewModel.swift in Sources */ = {isa = PBXBuildFile; fileRef = F121ABA32B84D5CB001DB314 /* AuthViewModel.swift */; };
		F121ABA72B84E5AF001DB314 /* AuthNavigationController.swift in Sources */ = {isa = PBXBuildFile; fileRef = F121ABA62B84E5AF001DB314 /* AuthNavigationController.swift */; };
		F16381D22B8E12590026E260 /* BarbuttonConfigurable.swift in Sources */ = {isa = PBXBuildFile; fileRef = F16381D12B8E12590026E260 /* BarbuttonConfigurable.swift */; };
		F16381D52B8E154B0026E260 /* MainTabBarController.swift in Sources */ = {isa = PBXBuildFile; fileRef = F16381D42B8E154B0026E260 /* MainTabBarController.swift */; };
		F191CCFD2B833673004F8659 /* AppDelegate.swift in Sources */ = {isa = PBXBuildFile; fileRef = F191CCFC2B833673004F8659 /* AppDelegate.swift */; };
		F191CCFF2B833673004F8659 /* SceneDelegate.swift in Sources */ = {isa = PBXBuildFile; fileRef = F191CCFE2B833673004F8659 /* SceneDelegate.swift */; };
		F191CD062B833673004F8659 /* Assets.xcassets in Resources */ = {isa = PBXBuildFile; fileRef = F191CD052B833673004F8659 /* Assets.xcassets */; };
		F191CD092B833673004F8659 /* LaunchScreen.storyboard in Resources */ = {isa = PBXBuildFile; fileRef = F191CD072B833673004F8659 /* LaunchScreen.storyboard */; };
		F191CD142B833673004F8659 /* InvestorTests.swift in Sources */ = {isa = PBXBuildFile; fileRef = F191CD132B833673004F8659 /* InvestorTests.swift */; };
		F191CD1E2B833673004F8659 /* InvestorUITests.swift in Sources */ = {isa = PBXBuildFile; fileRef = F191CD1D2B833673004F8659 /* InvestorUITests.swift */; };
		F191CD202B833673004F8659 /* InvestorUITestsLaunchTests.swift in Sources */ = {isa = PBXBuildFile; fileRef = F191CD1F2B833673004F8659 /* InvestorUITestsLaunchTests.swift */; };
		F195C7922B833A2100BCF35C /* SnapKit in Frameworks */ = {isa = PBXBuildFile; productRef = F195C7912B833A2100BCF35C /* SnapKit */; };
		F195C7942B833A2100BCF35C /* SnapKit-Dynamic in Frameworks */ = {isa = PBXBuildFile; productRef = F195C7932B833A2100BCF35C /* SnapKit-Dynamic */; };
		F195C7972B833A6E00BCF35C /* RxCocoa in Frameworks */ = {isa = PBXBuildFile; productRef = F195C7962B833A6E00BCF35C /* RxCocoa */; };
		F195C7992B833A6E00BCF35C /* RxCocoa-Dynamic in Frameworks */ = {isa = PBXBuildFile; productRef = F195C7982B833A6E00BCF35C /* RxCocoa-Dynamic */; };
		F195C79B2B833A6E00BCF35C /* RxSwift in Frameworks */ = {isa = PBXBuildFile; productRef = F195C79A2B833A6E00BCF35C /* RxSwift */; };
		F195C79D2B833A6E00BCF35C /* RxSwift-Dynamic in Frameworks */ = {isa = PBXBuildFile; productRef = F195C79C2B833A6E00BCF35C /* RxSwift-Dynamic */; };
		F195C7A02B833AA700BCF35C /* Kingfisher in Frameworks */ = {isa = PBXBuildFile; productRef = F195C79F2B833AA700BCF35C /* Kingfisher */; };
		F195C7A42B83722B00BCF35C /* FirebaseAuth in Frameworks */ = {isa = PBXBuildFile; productRef = F195C7A32B83722B00BCF35C /* FirebaseAuth */; };
		F195C7A62B83722B00BCF35C /* FirebaseFirestore in Frameworks */ = {isa = PBXBuildFile; productRef = F195C7A52B83722B00BCF35C /* FirebaseFirestore */; };
		F1DB098F2B864B1500BBE7B5 /* TabNavigationController.swift in Sources */ = {isa = PBXBuildFile; fileRef = F1DB098E2B864B1500BBE7B5 /* TabNavigationController.swift */; };
		F1DB09932B864D2C00BBE7B5 /* SettingViewController.swift in Sources */ = {isa = PBXBuildFile; fileRef = F1DB09922B864D2C00BBE7B5 /* SettingViewController.swift */; };
		F1DB09952B864D3900BBE7B5 /* HomeViewController.swift in Sources */ = {isa = PBXBuildFile; fileRef = F1DB09942B864D3900BBE7B5 /* HomeViewController.swift */; };
		FDE8B1E51AACD63326E0D41D /* Pods_InvestorTests.framework in Frameworks */ = {isa = PBXBuildFile; fileRef = AB45874EFF3E490B3524923F /* Pods_InvestorTests.framework */; };
/* End PBXBuildFile section */

/* Begin PBXContainerItemProxy section */
		F191CD102B833673004F8659 /* PBXContainerItemProxy */ = {
			isa = PBXContainerItemProxy;
			containerPortal = F191CCF12B833673004F8659 /* Project object */;
			proxyType = 1;
			remoteGlobalIDString = F191CCF82B833673004F8659;
			remoteInfo = Investor;
		};
		F191CD1A2B833673004F8659 /* PBXContainerItemProxy */ = {
			isa = PBXContainerItemProxy;
			containerPortal = F191CCF12B833673004F8659 /* Project object */;
			proxyType = 1;
			remoteGlobalIDString = F191CCF82B833673004F8659;
			remoteInfo = Investor;
		};
/* End PBXContainerItemProxy section */

/* Begin PBXFileReference section */
		0EECB10D372C89B7B66EA357 /* Pods-Investor-InvestorUITests.debug.xcconfig */ = {isa = PBXFileReference; includeInIndex = 1; lastKnownFileType = text.xcconfig; name = "Pods-Investor-InvestorUITests.debug.xcconfig"; path = "Target Support Files/Pods-Investor-InvestorUITests/Pods-Investor-InvestorUITests.debug.xcconfig"; sourceTree = "<group>"; };
		187AD8B5E6E5CCC119DBACA4 /* Pods-Investor.release.xcconfig */ = {isa = PBXFileReference; includeInIndex = 1; lastKnownFileType = text.xcconfig; name = "Pods-Investor.release.xcconfig"; path = "Target Support Files/Pods-Investor/Pods-Investor.release.xcconfig"; sourceTree = "<group>"; };
		2EBD0C5CCB246C93BE32F16B /* Pods-InvestorTests.release.xcconfig */ = {isa = PBXFileReference; includeInIndex = 1; lastKnownFileType = text.xcconfig; name = "Pods-InvestorTests.release.xcconfig"; path = "Target Support Files/Pods-InvestorTests/Pods-InvestorTests.release.xcconfig"; sourceTree = "<group>"; };
		3846603C7FB593CCD1856692 /* Pods-InvestorTests.debug.xcconfig */ = {isa = PBXFileReference; includeInIndex = 1; lastKnownFileType = text.xcconfig; name = "Pods-InvestorTests.debug.xcconfig"; path = "Target Support Files/Pods-InvestorTests/Pods-InvestorTests.debug.xcconfig"; sourceTree = "<group>"; };
		610FF81DCD5C0A3FD99104DD /* Pods-Investor.debug.xcconfig */ = {isa = PBXFileReference; includeInIndex = 1; lastKnownFileType = text.xcconfig; name = "Pods-Investor.debug.xcconfig"; path = "Target Support Files/Pods-Investor/Pods-Investor.debug.xcconfig"; sourceTree = "<group>"; };
		6C960BA89185CF26B7677B38 /* Pods_Investor.framework */ = {isa = PBXFileReference; explicitFileType = wrapper.framework; includeInIndex = 0; path = Pods_Investor.framework; sourceTree = BUILT_PRODUCTS_DIR; };
		88A738F0B8EA3DC6BB459D6F /* Pods_Investor_InvestorUITests.framework */ = {isa = PBXFileReference; explicitFileType = wrapper.framework; includeInIndex = 0; path = Pods_Investor_InvestorUITests.framework; sourceTree = BUILT_PRODUCTS_DIR; };
		AB45874EFF3E490B3524923F /* Pods_InvestorTests.framework */ = {isa = PBXFileReference; explicitFileType = wrapper.framework; includeInIndex = 0; path = Pods_InvestorTests.framework; sourceTree = BUILT_PRODUCTS_DIR; };
		EDECAF997DA67964F5C88E26 /* Pods-Investor-InvestorUITests.release.xcconfig */ = {isa = PBXFileReference; includeInIndex = 1; lastKnownFileType = text.xcconfig; name = "Pods-Investor-InvestorUITests.release.xcconfig"; path = "Target Support Files/Pods-Investor-InvestorUITests/Pods-Investor-InvestorUITests.release.xcconfig"; sourceTree = "<group>"; };
		F104834D2B84CD0F007D532A /* CALayer.swift */ = {isa = PBXFileReference; lastKnownFileType = sourcecode.swift; path = CALayer.swift; sourceTree = "<group>"; };
		F104834F2B84CD24007D532A /* UIColor.swift */ = {isa = PBXFileReference; lastKnownFileType = sourcecode.swift; path = UIColor.swift; sourceTree = "<group>"; };
		F10483512B84CD3E007D532A /* UIResponder.swift */ = {isa = PBXFileReference; lastKnownFileType = sourcecode.swift; path = UIResponder.swift; sourceTree = "<group>"; };
		F10483532B84CD52007D532A /* Double.swift */ = {isa = PBXFileReference; lastKnownFileType = sourcecode.swift; path = Double.swift; sourceTree = "<group>"; };
		F10483552B84CD73007D532A /* UILabel.swift */ = {isa = PBXFileReference; lastKnownFileType = sourcecode.swift; path = UILabel.swift; sourceTree = "<group>"; };
		F10483572B84CD85007D532A /* String.swift */ = {isa = PBXFileReference; lastKnownFileType = sourcecode.swift; path = String.swift; sourceTree = "<group>"; };
		F10483592B84CEA5007D532A /* GoogleService-Info.plist */ = {isa = PBXFileReference; fileEncoding = 4; lastKnownFileType = text.plist.xml; path = "GoogleService-Info.plist"; sourceTree = "<group>"; };
		F10483622B84D00F007D532A /* AuthViewController.swift */ = {isa = PBXFileReference; lastKnownFileType = sourcecode.swift; path = AuthViewController.swift; sourceTree = "<group>"; };
		F121ABA12B84D387001DB314 /* GIDSignInButton.swift */ = {isa = PBXFileReference; lastKnownFileType = sourcecode.swift; path = GIDSignInButton.swift; sourceTree = "<group>"; };
		F121ABA32B84D5CB001DB314 /* AuthViewModel.swift */ = {isa = PBXFileReference; lastKnownFileType = sourcecode.swift; path = AuthViewModel.swift; sourceTree = "<group>"; };
		F121ABA62B84E5AF001DB314 /* AuthNavigationController.swift */ = {isa = PBXFileReference; lastKnownFileType = sourcecode.swift; path = AuthNavigationController.swift; sourceTree = "<group>"; };
		F16381D12B8E12590026E260 /* BarbuttonConfigurable.swift */ = {isa = PBXFileReference; lastKnownFileType = sourcecode.swift; path = BarbuttonConfigurable.swift; sourceTree = "<group>"; };
		F16381D42B8E154B0026E260 /* MainTabBarController.swift */ = {isa = PBXFileReference; lastKnownFileType = sourcecode.swift; path = MainTabBarController.swift; sourceTree = "<group>"; };
		F191CCF92B833673004F8659 /* Investor.app */ = {isa = PBXFileReference; explicitFileType = wrapper.application; includeInIndex = 0; path = Investor.app; sourceTree = BUILT_PRODUCTS_DIR; };
		F191CCFC2B833673004F8659 /* AppDelegate.swift */ = {isa = PBXFileReference; lastKnownFileType = sourcecode.swift; path = AppDelegate.swift; sourceTree = "<group>"; };
		F191CCFE2B833673004F8659 /* SceneDelegate.swift */ = {isa = PBXFileReference; lastKnownFileType = sourcecode.swift; path = SceneDelegate.swift; sourceTree = "<group>"; };
		F191CD052B833673004F8659 /* Assets.xcassets */ = {isa = PBXFileReference; lastKnownFileType = folder.assetcatalog; path = Assets.xcassets; sourceTree = "<group>"; };
		F191CD082B833673004F8659 /* Base */ = {isa = PBXFileReference; lastKnownFileType = file.storyboard; name = Base; path = Base.lproj/LaunchScreen.storyboard; sourceTree = "<group>"; };
		F191CD0A2B833673004F8659 /* Info.plist */ = {isa = PBXFileReference; lastKnownFileType = text.plist.xml; path = Info.plist; sourceTree = "<group>"; };
		F191CD0F2B833673004F8659 /* InvestorTests.xctest */ = {isa = PBXFileReference; explicitFileType = wrapper.cfbundle; includeInIndex = 0; path = InvestorTests.xctest; sourceTree = BUILT_PRODUCTS_DIR; };
		F191CD132B833673004F8659 /* InvestorTests.swift */ = {isa = PBXFileReference; lastKnownFileType = sourcecode.swift; path = InvestorTests.swift; sourceTree = "<group>"; };
		F191CD192B833673004F8659 /* InvestorUITests.xctest */ = {isa = PBXFileReference; explicitFileType = wrapper.cfbundle; includeInIndex = 0; path = InvestorUITests.xctest; sourceTree = BUILT_PRODUCTS_DIR; };
		F191CD1D2B833673004F8659 /* InvestorUITests.swift */ = {isa = PBXFileReference; lastKnownFileType = sourcecode.swift; path = InvestorUITests.swift; sourceTree = "<group>"; };
		F191CD1F2B833673004F8659 /* InvestorUITestsLaunchTests.swift */ = {isa = PBXFileReference; lastKnownFileType = sourcecode.swift; path = InvestorUITestsLaunchTests.swift; sourceTree = "<group>"; };
		F1DB098E2B864B1500BBE7B5 /* TabNavigationController.swift */ = {isa = PBXFileReference; lastKnownFileType = sourcecode.swift; path = TabNavigationController.swift; sourceTree = "<group>"; };
		F1DB09922B864D2C00BBE7B5 /* SettingViewController.swift */ = {isa = PBXFileReference; lastKnownFileType = sourcecode.swift; path = SettingViewController.swift; sourceTree = "<group>"; };
		F1DB09942B864D3900BBE7B5 /* HomeViewController.swift */ = {isa = PBXFileReference; lastKnownFileType = sourcecode.swift; path = HomeViewController.swift; sourceTree = "<group>"; };
/* End PBXFileReference section */

/* Begin PBXFrameworksBuildPhase section */
		F191CCF62B833673004F8659 /* Frameworks */ = {
			isa = PBXFrameworksBuildPhase;
			buildActionMask = 2147483647;
			files = (
				F195C7972B833A6E00BCF35C /* RxCocoa in Frameworks */,
				F195C79D2B833A6E00BCF35C /* RxSwift-Dynamic in Frameworks */,
				F104835D2B84CF5E007D532A /* GoogleSignIn in Frameworks */,
				F104835F2B84CF5E007D532A /* GoogleSignInSwift in Frameworks */,
				F195C7992B833A6E00BCF35C /* RxCocoa-Dynamic in Frameworks */,
				F195C7A62B83722B00BCF35C /* FirebaseFirestore in Frameworks */,
				F195C7942B833A2100BCF35C /* SnapKit-Dynamic in Frameworks */,
				F195C7A42B83722B00BCF35C /* FirebaseAuth in Frameworks */,
				F195C7A02B833AA700BCF35C /* Kingfisher in Frameworks */,
				C66C21B728A3220BD1C974B9 /* Pods_Investor.framework in Frameworks */,
				F195C7922B833A2100BCF35C /* SnapKit in Frameworks */,
				F195C79B2B833A6E00BCF35C /* RxSwift in Frameworks */,
			);
			runOnlyForDeploymentPostprocessing = 0;
		};
		F191CD0C2B833673004F8659 /* Frameworks */ = {
			isa = PBXFrameworksBuildPhase;
			buildActionMask = 2147483647;
			files = (
				FDE8B1E51AACD63326E0D41D /* Pods_InvestorTests.framework in Frameworks */,
			);
			runOnlyForDeploymentPostprocessing = 0;
		};
		F191CD162B833673004F8659 /* Frameworks */ = {
			isa = PBXFrameworksBuildPhase;
			buildActionMask = 2147483647;
			files = (
				2C6FA9DAB4BB89EF0E1481D8 /* Pods_Investor_InvestorUITests.framework in Frameworks */,
			);
			runOnlyForDeploymentPostprocessing = 0;
		};
/* End PBXFrameworksBuildPhase section */

/* Begin PBXGroup section */
		EF86C4C1FEE5C2D8751B2EDA /* Pods */ = {
			isa = PBXGroup;
			children = (
				610FF81DCD5C0A3FD99104DD /* Pods-Investor.debug.xcconfig */,
				187AD8B5E6E5CCC119DBACA4 /* Pods-Investor.release.xcconfig */,
				0EECB10D372C89B7B66EA357 /* Pods-Investor-InvestorUITests.debug.xcconfig */,
				EDECAF997DA67964F5C88E26 /* Pods-Investor-InvestorUITests.release.xcconfig */,
				3846603C7FB593CCD1856692 /* Pods-InvestorTests.debug.xcconfig */,
				2EBD0C5CCB246C93BE32F16B /* Pods-InvestorTests.release.xcconfig */,
			);
			path = Pods;
			sourceTree = "<group>";
		};
		F10483462B84CCBD007D532A /* cell */ = {
			isa = PBXGroup;
			children = (
			);
			path = cell;
			sourceTree = "<group>";
		};
		F10483472B84CCC3007D532A /* Model */ = {
			isa = PBXGroup;
			children = (
			);
			path = Model;
			sourceTree = "<group>";
		};
		F10483482B84CCCA007D532A /* ViewModel */ = {
			isa = PBXGroup;
			children = (
				F121ABA32B84D5CB001DB314 /* AuthViewModel.swift */,
			);
			path = ViewModel;
			sourceTree = "<group>";
		};
		F10483492B84CCCF007D532A /* ViewController */ = {
			isa = PBXGroup;
			children = (
				F10483622B84D00F007D532A /* AuthViewController.swift */,
				F1DB09942B864D3900BBE7B5 /* HomeViewController.swift */,
				F1DB09922B864D2C00BBE7B5 /* SettingViewController.swift */,
			);
			path = ViewController;
			sourceTree = "<group>";
		};
		F104834A2B84CCD5007D532A /* Service */ = {
			isa = PBXGroup;
			children = (
			);
			path = Service;
			sourceTree = "<group>";
		};
		F104834B2B84CCDC007D532A /* Extension */ = {
			isa = PBXGroup;
			children = (
				F104834D2B84CD0F007D532A /* CALayer.swift */,
				F104834F2B84CD24007D532A /* UIColor.swift */,
				F10483512B84CD3E007D532A /* UIResponder.swift */,
				F10483532B84CD52007D532A /* Double.swift */,
				F10483552B84CD73007D532A /* UILabel.swift */,
				F10483572B84CD85007D532A /* String.swift */,
				F121ABA12B84D387001DB314 /* GIDSignInButton.swift */,
			);
			path = Extension;
			sourceTree = "<group>";
		};
		F104834C2B84CCE4007D532A /* LifeCycle */ = {
			isa = PBXGroup;
			children = (
				F191CCFC2B833673004F8659 /* AppDelegate.swift */,
				F191CCFE2B833673004F8659 /* SceneDelegate.swift */,
			);
			path = LifeCycle;
			sourceTree = "<group>";
		};
		F121ABA52B84E588001DB314 /* NavigationController */ = {
			isa = PBXGroup;
			children = (
				F121ABA62B84E5AF001DB314 /* AuthNavigationController.swift */,
				F1DB098E2B864B1500BBE7B5 /* TabNavigationController.swift */,
			);
			path = NavigationController;
			sourceTree = "<group>";
		};
		F16381D02B8E123C0026E260 /* Protocol */ = {
			isa = PBXGroup;
			children = (
				F16381D12B8E12590026E260 /* BarbuttonConfigurable.swift */,
			);
			path = Protocol;
			sourceTree = "<group>";
		};
		F16381D32B8E15280026E260 /* TabBarController */ = {
			isa = PBXGroup;
			children = (
				F16381D42B8E154B0026E260 /* MainTabBarController.swift */,
			);
			path = TabBarController;
			sourceTree = "<group>";
		};
		F191CCF02B833673004F8659 = {
			isa = PBXGroup;
			children = (
				F191CCFB2B833673004F8659 /* Investor */,
				F191CD122B833673004F8659 /* InvestorTests */,
				F191CD1C2B833673004F8659 /* InvestorUITests */,
				F191CCFA2B833673004F8659 /* Products */,
				EF86C4C1FEE5C2D8751B2EDA /* Pods */,
				F914FBE008C4BFAA2DF82810 /* Frameworks */,
			);
			sourceTree = "<group>";
		};
		F191CCFA2B833673004F8659 /* Products */ = {
			isa = PBXGroup;
			children = (
				F191CCF92B833673004F8659 /* Investor.app */,
				F191CD0F2B833673004F8659 /* InvestorTests.xctest */,
				F191CD192B833673004F8659 /* InvestorUITests.xctest */,
			);
			name = Products;
			sourceTree = "<group>";
		};
		F191CCFB2B833673004F8659 /* Investor */ = {
			isa = PBXGroup;
			children = (
				F16381D02B8E123C0026E260 /* Protocol */,
				F104834C2B84CCE4007D532A /* LifeCycle */,
				F104834B2B84CCDC007D532A /* Extension */,
				F104834A2B84CCD5007D532A /* Service */,
				F121ABA52B84E588001DB314 /* NavigationController */,
				F16381D32B8E15280026E260 /* TabBarController */,
				F10483492B84CCCF007D532A /* ViewController */,
				F10483482B84CCCA007D532A /* ViewModel */,
				F10483472B84CCC3007D532A /* Model */,
				F10483462B84CCBD007D532A /* cell */,
				F191CD052B833673004F8659 /* Assets.xcassets */,
				F191CD072B833673004F8659 /* LaunchScreen.storyboard */,
				F191CD0A2B833673004F8659 /* Info.plist */,
				F10483592B84CEA5007D532A /* GoogleService-Info.plist */,
			);
			path = Investor;
			sourceTree = "<group>";
		};
		F191CD122B833673004F8659 /* InvestorTests */ = {
			isa = PBXGroup;
			children = (
				F191CD132B833673004F8659 /* InvestorTests.swift */,
			);
			path = InvestorTests;
			sourceTree = "<group>";
		};
		F191CD1C2B833673004F8659 /* InvestorUITests */ = {
			isa = PBXGroup;
			children = (
				F191CD1D2B833673004F8659 /* InvestorUITests.swift */,
				F191CD1F2B833673004F8659 /* InvestorUITestsLaunchTests.swift */,
			);
			path = InvestorUITests;
			sourceTree = "<group>";
		};
		F914FBE008C4BFAA2DF82810 /* Frameworks */ = {
			isa = PBXGroup;
			children = (
				6C960BA89185CF26B7677B38 /* Pods_Investor.framework */,
				88A738F0B8EA3DC6BB459D6F /* Pods_Investor_InvestorUITests.framework */,
				AB45874EFF3E490B3524923F /* Pods_InvestorTests.framework */,
			);
			name = Frameworks;
			sourceTree = "<group>";
		};
/* End PBXGroup section */

/* Begin PBXNativeTarget section */
		F191CCF82B833673004F8659 /* Investor */ = {
			isa = PBXNativeTarget;
			buildConfigurationList = F191CD232B833673004F8659 /* Build configuration list for PBXNativeTarget "Investor" */;
			buildPhases = (
				8D1F15F49830F6565958FBD4 /* [CP] Check Pods Manifest.lock */,
				F191CCF52B833673004F8659 /* Sources */,
				F191CCF62B833673004F8659 /* Frameworks */,
				F191CCF72B833673004F8659 /* Resources */,
			);
			buildRules = (
			);
			dependencies = (
			);
			name = Investor;
			packageProductDependencies = (
				F195C7912B833A2100BCF35C /* SnapKit */,
				F195C7932B833A2100BCF35C /* SnapKit-Dynamic */,
				F195C7962B833A6E00BCF35C /* RxCocoa */,
				F195C7982B833A6E00BCF35C /* RxCocoa-Dynamic */,
				F195C79A2B833A6E00BCF35C /* RxSwift */,
				F195C79C2B833A6E00BCF35C /* RxSwift-Dynamic */,
				F195C79F2B833AA700BCF35C /* Kingfisher */,
				F195C7A32B83722B00BCF35C /* FirebaseAuth */,
				F195C7A52B83722B00BCF35C /* FirebaseFirestore */,
				F104835C2B84CF5E007D532A /* GoogleSignIn */,
				F104835E2B84CF5E007D532A /* GoogleSignInSwift */,
			);
			productName = Investor;
			productReference = F191CCF92B833673004F8659 /* Investor.app */;
			productType = "com.apple.product-type.application";
		};
		F191CD0E2B833673004F8659 /* InvestorTests */ = {
			isa = PBXNativeTarget;
			buildConfigurationList = F191CD262B833673004F8659 /* Build configuration list for PBXNativeTarget "InvestorTests" */;
			buildPhases = (
				006436B0C2C6BD1DA94B22CE /* [CP] Check Pods Manifest.lock */,
				F191CD0B2B833673004F8659 /* Sources */,
				F191CD0C2B833673004F8659 /* Frameworks */,
				F191CD0D2B833673004F8659 /* Resources */,
			);
			buildRules = (
			);
			dependencies = (
				F191CD112B833673004F8659 /* PBXTargetDependency */,
			);
			name = InvestorTests;
			productName = InvestorTests;
			productReference = F191CD0F2B833673004F8659 /* InvestorTests.xctest */;
			productType = "com.apple.product-type.bundle.unit-test";
		};
		F191CD182B833673004F8659 /* InvestorUITests */ = {
			isa = PBXNativeTarget;
			buildConfigurationList = F191CD292B833673004F8659 /* Build configuration list for PBXNativeTarget "InvestorUITests" */;
			buildPhases = (
				5D8A686292D169C87A9AA749 /* [CP] Check Pods Manifest.lock */,
				F191CD152B833673004F8659 /* Sources */,
				F191CD162B833673004F8659 /* Frameworks */,
				F191CD172B833673004F8659 /* Resources */,
			);
			buildRules = (
			);
			dependencies = (
				F191CD1B2B833673004F8659 /* PBXTargetDependency */,
			);
			name = InvestorUITests;
			productName = InvestorUITests;
			productReference = F191CD192B833673004F8659 /* InvestorUITests.xctest */;
			productType = "com.apple.product-type.bundle.ui-testing";
		};
/* End PBXNativeTarget section */

/* Begin PBXProject section */
		F191CCF12B833673004F8659 /* Project object */ = {
			isa = PBXProject;
			attributes = {
				BuildIndependentTargetsInParallel = 1;
				LastSwiftUpdateCheck = 1520;
				LastUpgradeCheck = 1520;
				TargetAttributes = {
					F191CCF82B833673004F8659 = {
						CreatedOnToolsVersion = 15.2;
					};
					F191CD0E2B833673004F8659 = {
						CreatedOnToolsVersion = 15.2;
						TestTargetID = F191CCF82B833673004F8659;
					};
					F191CD182B833673004F8659 = {
						CreatedOnToolsVersion = 15.2;
						TestTargetID = F191CCF82B833673004F8659;
					};
				};
			};
			buildConfigurationList = F191CCF42B833673004F8659 /* Build configuration list for PBXProject "Investor" */;
			compatibilityVersion = "Xcode 14.0";
			developmentRegion = en;
			hasScannedForEncodings = 0;
			knownRegions = (
				en,
				Base,
			);
			mainGroup = F191CCF02B833673004F8659;
			packageReferences = (
				F195C7902B833A2100BCF35C /* XCRemoteSwiftPackageReference "SnapKit" */,
				F195C7952B833A6E00BCF35C /* XCRemoteSwiftPackageReference "RxSwift" */,
				F195C79E2B833AA600BCF35C /* XCRemoteSwiftPackageReference "Kingfisher" */,
				F195C7A22B83722B00BCF35C /* XCRemoteSwiftPackageReference "firebase-ios-sdk" */,
				F104835B2B84CF5E007D532A /* XCRemoteSwiftPackageReference "GoogleSignIn-iOS" */,
			);
			productRefGroup = F191CCFA2B833673004F8659 /* Products */;
			projectDirPath = "";
			projectRoot = "";
			targets = (
				F191CCF82B833673004F8659 /* Investor */,
				F191CD0E2B833673004F8659 /* InvestorTests */,
				F191CD182B833673004F8659 /* InvestorUITests */,
			);
		};
/* End PBXProject section */

/* Begin PBXResourcesBuildPhase section */
		F191CCF72B833673004F8659 /* Resources */ = {
			isa = PBXResourcesBuildPhase;
			buildActionMask = 2147483647;
			files = (
				F191CD092B833673004F8659 /* LaunchScreen.storyboard in Resources */,
				F191CD062B833673004F8659 /* Assets.xcassets in Resources */,
				F104835A2B84CEA5007D532A /* GoogleService-Info.plist in Resources */,
			);
			runOnlyForDeploymentPostprocessing = 0;
		};
		F191CD0D2B833673004F8659 /* Resources */ = {
			isa = PBXResourcesBuildPhase;
			buildActionMask = 2147483647;
			files = (
			);
			runOnlyForDeploymentPostprocessing = 0;
		};
		F191CD172B833673004F8659 /* Resources */ = {
			isa = PBXResourcesBuildPhase;
			buildActionMask = 2147483647;
			files = (
			);
			runOnlyForDeploymentPostprocessing = 0;
		};
/* End PBXResourcesBuildPhase section */

/* Begin PBXShellScriptBuildPhase section */
		006436B0C2C6BD1DA94B22CE /* [CP] Check Pods Manifest.lock */ = {
			isa = PBXShellScriptBuildPhase;
			buildActionMask = 2147483647;
			files = (
			);
			inputFileListPaths = (
			);
			inputPaths = (
				"${PODS_PODFILE_DIR_PATH}/Podfile.lock",
				"${PODS_ROOT}/Manifest.lock",
			);
			name = "[CP] Check Pods Manifest.lock";
			outputFileListPaths = (
			);
			outputPaths = (
				"$(DERIVED_FILE_DIR)/Pods-InvestorTests-checkManifestLockResult.txt",
			);
			runOnlyForDeploymentPostprocessing = 0;
			shellPath = /bin/sh;
			shellScript = "diff \"${PODS_PODFILE_DIR_PATH}/Podfile.lock\" \"${PODS_ROOT}/Manifest.lock\" > /dev/null\nif [ $? != 0 ] ; then\n    # print error to STDERR\n    echo \"error: The sandbox is not in sync with the Podfile.lock. Run 'pod install' or update your CocoaPods installation.\" >&2\n    exit 1\nfi\n# This output is used by Xcode 'outputs' to avoid re-running this script phase.\necho \"SUCCESS\" > \"${SCRIPT_OUTPUT_FILE_0}\"\n";
			showEnvVarsInLog = 0;
		};
		5D8A686292D169C87A9AA749 /* [CP] Check Pods Manifest.lock */ = {
			isa = PBXShellScriptBuildPhase;
			buildActionMask = 2147483647;
			files = (
			);
			inputFileListPaths = (
			);
			inputPaths = (
				"${PODS_PODFILE_DIR_PATH}/Podfile.lock",
				"${PODS_ROOT}/Manifest.lock",
			);
			name = "[CP] Check Pods Manifest.lock";
			outputFileListPaths = (
			);
			outputPaths = (
				"$(DERIVED_FILE_DIR)/Pods-Investor-InvestorUITests-checkManifestLockResult.txt",
			);
			runOnlyForDeploymentPostprocessing = 0;
			shellPath = /bin/sh;
			shellScript = "diff \"${PODS_PODFILE_DIR_PATH}/Podfile.lock\" \"${PODS_ROOT}/Manifest.lock\" > /dev/null\nif [ $? != 0 ] ; then\n    # print error to STDERR\n    echo \"error: The sandbox is not in sync with the Podfile.lock. Run 'pod install' or update your CocoaPods installation.\" >&2\n    exit 1\nfi\n# This output is used by Xcode 'outputs' to avoid re-running this script phase.\necho \"SUCCESS\" > \"${SCRIPT_OUTPUT_FILE_0}\"\n";
			showEnvVarsInLog = 0;
		};
		8D1F15F49830F6565958FBD4 /* [CP] Check Pods Manifest.lock */ = {
			isa = PBXShellScriptBuildPhase;
			buildActionMask = 2147483647;
			files = (
			);
			inputFileListPaths = (
			);
			inputPaths = (
				"${PODS_PODFILE_DIR_PATH}/Podfile.lock",
				"${PODS_ROOT}/Manifest.lock",
			);
			name = "[CP] Check Pods Manifest.lock";
			outputFileListPaths = (
			);
			outputPaths = (
				"$(DERIVED_FILE_DIR)/Pods-Investor-checkManifestLockResult.txt",
			);
			runOnlyForDeploymentPostprocessing = 0;
			shellPath = /bin/sh;
			shellScript = "diff \"${PODS_PODFILE_DIR_PATH}/Podfile.lock\" \"${PODS_ROOT}/Manifest.lock\" > /dev/null\nif [ $? != 0 ] ; then\n    # print error to STDERR\n    echo \"error: The sandbox is not in sync with the Podfile.lock. Run 'pod install' or update your CocoaPods installation.\" >&2\n    exit 1\nfi\n# This output is used by Xcode 'outputs' to avoid re-running this script phase.\necho \"SUCCESS\" > \"${SCRIPT_OUTPUT_FILE_0}\"\n";
			showEnvVarsInLog = 0;
		};
/* End PBXShellScriptBuildPhase section */

/* Begin PBXSourcesBuildPhase section */
		F191CCF52B833673004F8659 /* Sources */ = {
			isa = PBXSourcesBuildPhase;
			buildActionMask = 2147483647;
			files = (
				F104834E2B84CD0F007D532A /* CALayer.swift in Sources */,
				F10483632B84D00F007D532A /* AuthViewController.swift in Sources */,
				F121ABA22B84D387001DB314 /* GIDSignInButton.swift in Sources */,
				F121ABA72B84E5AF001DB314 /* AuthNavigationController.swift in Sources */,
				F191CCFD2B833673004F8659 /* AppDelegate.swift in Sources */,
				F1DB09952B864D3900BBE7B5 /* HomeViewController.swift in Sources */,
				F1DB09932B864D2C00BBE7B5 /* SettingViewController.swift in Sources */,
				F10483582B84CD85007D532A /* String.swift in Sources */,
				F16381D22B8E12590026E260 /* BarbuttonConfigurable.swift in Sources */,
				F191CCFF2B833673004F8659 /* SceneDelegate.swift in Sources */,
				F10483522B84CD3E007D532A /* UIResponder.swift in Sources */,
				F121ABA42B84D5CB001DB314 /* AuthViewModel.swift in Sources */,
				F10483502B84CD24007D532A /* UIColor.swift in Sources */,
				F10483562B84CD73007D532A /* UILabel.swift in Sources */,
				F1DB098F2B864B1500BBE7B5 /* TabNavigationController.swift in Sources */,
				F10483542B84CD52007D532A /* Double.swift in Sources */,
				F16381D52B8E154B0026E260 /* MainTabBarController.swift in Sources */,
			);
			runOnlyForDeploymentPostprocessing = 0;
		};
		F191CD0B2B833673004F8659 /* Sources */ = {
			isa = PBXSourcesBuildPhase;
			buildActionMask = 2147483647;
			files = (
				F191CD142B833673004F8659 /* InvestorTests.swift in Sources */,
			);
			runOnlyForDeploymentPostprocessing = 0;
		};
		F191CD152B833673004F8659 /* Sources */ = {
			isa = PBXSourcesBuildPhase;
			buildActionMask = 2147483647;
			files = (
				F191CD202B833673004F8659 /* InvestorUITestsLaunchTests.swift in Sources */,
				F191CD1E2B833673004F8659 /* InvestorUITests.swift in Sources */,
			);
			runOnlyForDeploymentPostprocessing = 0;
		};
/* End PBXSourcesBuildPhase section */

/* Begin PBXTargetDependency section */
		F191CD112B833673004F8659 /* PBXTargetDependency */ = {
			isa = PBXTargetDependency;
			target = F191CCF82B833673004F8659 /* Investor */;
			targetProxy = F191CD102B833673004F8659 /* PBXContainerItemProxy */;
		};
		F191CD1B2B833673004F8659 /* PBXTargetDependency */ = {
			isa = PBXTargetDependency;
			target = F191CCF82B833673004F8659 /* Investor */;
			targetProxy = F191CD1A2B833673004F8659 /* PBXContainerItemProxy */;
		};
/* End PBXTargetDependency section */

/* Begin PBXVariantGroup section */
		F191CD072B833673004F8659 /* LaunchScreen.storyboard */ = {
			isa = PBXVariantGroup;
			children = (
				F191CD082B833673004F8659 /* Base */,
			);
			name = LaunchScreen.storyboard;
			sourceTree = "<group>";
		};
/* End PBXVariantGroup section */

/* Begin XCBuildConfiguration section */
		F191CD212B833673004F8659 /* Debug */ = {
			isa = XCBuildConfiguration;
			buildSettings = {
				ALWAYS_SEARCH_USER_PATHS = NO;
				ASSETCATALOG_COMPILER_GENERATE_SWIFT_ASSET_SYMBOL_EXTENSIONS = YES;
				CLANG_ANALYZER_NONNULL = YES;
				CLANG_ANALYZER_NUMBER_OBJECT_CONVERSION = YES_AGGRESSIVE;
				CLANG_CXX_LANGUAGE_STANDARD = "gnu++20";
				CLANG_ENABLE_MODULES = YES;
				CLANG_ENABLE_OBJC_ARC = YES;
				CLANG_ENABLE_OBJC_WEAK = YES;
				CLANG_WARN_BLOCK_CAPTURE_AUTORELEASING = YES;
				CLANG_WARN_BOOL_CONVERSION = YES;
				CLANG_WARN_COMMA = YES;
				CLANG_WARN_CONSTANT_CONVERSION = YES;
				CLANG_WARN_DEPRECATED_OBJC_IMPLEMENTATIONS = YES;
				CLANG_WARN_DIRECT_OBJC_ISA_USAGE = YES_ERROR;
				CLANG_WARN_DOCUMENTATION_COMMENTS = YES;
				CLANG_WARN_EMPTY_BODY = YES;
				CLANG_WARN_ENUM_CONVERSION = YES;
				CLANG_WARN_INFINITE_RECURSION = YES;
				CLANG_WARN_INT_CONVERSION = YES;
				CLANG_WARN_NON_LITERAL_NULL_CONVERSION = YES;
				CLANG_WARN_OBJC_IMPLICIT_RETAIN_SELF = YES;
				CLANG_WARN_OBJC_LITERAL_CONVERSION = YES;
				CLANG_WARN_OBJC_ROOT_CLASS = YES_ERROR;
				CLANG_WARN_QUOTED_INCLUDE_IN_FRAMEWORK_HEADER = YES;
				CLANG_WARN_RANGE_LOOP_ANALYSIS = YES;
				CLANG_WARN_STRICT_PROTOTYPES = YES;
				CLANG_WARN_SUSPICIOUS_MOVE = YES;
				CLANG_WARN_UNGUARDED_AVAILABILITY = YES_AGGRESSIVE;
				CLANG_WARN_UNREACHABLE_CODE = YES;
				CLANG_WARN__DUPLICATE_METHOD_MATCH = YES;
				COPY_PHASE_STRIP = NO;
				DEBUG_INFORMATION_FORMAT = dwarf;
				ENABLE_STRICT_OBJC_MSGSEND = YES;
				ENABLE_TESTABILITY = YES;
				ENABLE_USER_SCRIPT_SANDBOXING = YES;
				GCC_C_LANGUAGE_STANDARD = gnu17;
				GCC_DYNAMIC_NO_PIC = NO;
				GCC_NO_COMMON_BLOCKS = YES;
				GCC_OPTIMIZATION_LEVEL = 0;
				GCC_PREPROCESSOR_DEFINITIONS = (
					"DEBUG=1",
					"$(inherited)",
				);
				GCC_WARN_64_TO_32_BIT_CONVERSION = YES;
				GCC_WARN_ABOUT_RETURN_TYPE = YES_ERROR;
				GCC_WARN_UNDECLARED_SELECTOR = YES;
				GCC_WARN_UNINITIALIZED_AUTOS = YES_AGGRESSIVE;
				GCC_WARN_UNUSED_FUNCTION = YES;
				GCC_WARN_UNUSED_VARIABLE = YES;
				IPHONEOS_DEPLOYMENT_TARGET = 17.2;
				LOCALIZATION_PREFERS_STRING_CATALOGS = YES;
				MTL_ENABLE_DEBUG_INFO = INCLUDE_SOURCE;
				MTL_FAST_MATH = YES;
				ONLY_ACTIVE_ARCH = YES;
				SDKROOT = iphoneos;
				SWIFT_ACTIVE_COMPILATION_CONDITIONS = "DEBUG $(inherited)";
				SWIFT_OPTIMIZATION_LEVEL = "-Onone";
			};
			name = Debug;
		};
		F191CD222B833673004F8659 /* Release */ = {
			isa = XCBuildConfiguration;
			buildSettings = {
				ALWAYS_SEARCH_USER_PATHS = NO;
				ASSETCATALOG_COMPILER_GENERATE_SWIFT_ASSET_SYMBOL_EXTENSIONS = YES;
				CLANG_ANALYZER_NONNULL = YES;
				CLANG_ANALYZER_NUMBER_OBJECT_CONVERSION = YES_AGGRESSIVE;
				CLANG_CXX_LANGUAGE_STANDARD = "gnu++20";
				CLANG_ENABLE_MODULES = YES;
				CLANG_ENABLE_OBJC_ARC = YES;
				CLANG_ENABLE_OBJC_WEAK = YES;
				CLANG_WARN_BLOCK_CAPTURE_AUTORELEASING = YES;
				CLANG_WARN_BOOL_CONVERSION = YES;
				CLANG_WARN_COMMA = YES;
				CLANG_WARN_CONSTANT_CONVERSION = YES;
				CLANG_WARN_DEPRECATED_OBJC_IMPLEMENTATIONS = YES;
				CLANG_WARN_DIRECT_OBJC_ISA_USAGE = YES_ERROR;
				CLANG_WARN_DOCUMENTATION_COMMENTS = YES;
				CLANG_WARN_EMPTY_BODY = YES;
				CLANG_WARN_ENUM_CONVERSION = YES;
				CLANG_WARN_INFINITE_RECURSION = YES;
				CLANG_WARN_INT_CONVERSION = YES;
				CLANG_WARN_NON_LITERAL_NULL_CONVERSION = YES;
				CLANG_WARN_OBJC_IMPLICIT_RETAIN_SELF = YES;
				CLANG_WARN_OBJC_LITERAL_CONVERSION = YES;
				CLANG_WARN_OBJC_ROOT_CLASS = YES_ERROR;
				CLANG_WARN_QUOTED_INCLUDE_IN_FRAMEWORK_HEADER = YES;
				CLANG_WARN_RANGE_LOOP_ANALYSIS = YES;
				CLANG_WARN_STRICT_PROTOTYPES = YES;
				CLANG_WARN_SUSPICIOUS_MOVE = YES;
				CLANG_WARN_UNGUARDED_AVAILABILITY = YES_AGGRESSIVE;
				CLANG_WARN_UNREACHABLE_CODE = YES;
				CLANG_WARN__DUPLICATE_METHOD_MATCH = YES;
				COPY_PHASE_STRIP = NO;
				DEBUG_INFORMATION_FORMAT = "dwarf-with-dsym";
				ENABLE_NS_ASSERTIONS = NO;
				ENABLE_STRICT_OBJC_MSGSEND = YES;
				ENABLE_USER_SCRIPT_SANDBOXING = YES;
				GCC_C_LANGUAGE_STANDARD = gnu17;
				GCC_NO_COMMON_BLOCKS = YES;
				GCC_WARN_64_TO_32_BIT_CONVERSION = YES;
				GCC_WARN_ABOUT_RETURN_TYPE = YES_ERROR;
				GCC_WARN_UNDECLARED_SELECTOR = YES;
				GCC_WARN_UNINITIALIZED_AUTOS = YES_AGGRESSIVE;
				GCC_WARN_UNUSED_FUNCTION = YES;
				GCC_WARN_UNUSED_VARIABLE = YES;
				IPHONEOS_DEPLOYMENT_TARGET = 17.2;
				LOCALIZATION_PREFERS_STRING_CATALOGS = YES;
				MTL_ENABLE_DEBUG_INFO = NO;
				MTL_FAST_MATH = YES;
				SDKROOT = iphoneos;
				SWIFT_COMPILATION_MODE = wholemodule;
				VALIDATE_PRODUCT = YES;
			};
			name = Release;
		};
		F191CD242B833673004F8659 /* Debug */ = {
			isa = XCBuildConfiguration;
			baseConfigurationReference = 610FF81DCD5C0A3FD99104DD /* Pods-Investor.debug.xcconfig */;
			buildSettings = {
				ASSETCATALOG_COMPILER_APPICON_NAME = AppIcon;
				ASSETCATALOG_COMPILER_GLOBAL_ACCENT_COLOR_NAME = AccentColor;
				CODE_SIGN_STYLE = Automatic;
				CURRENT_PROJECT_VERSION = 1;
				DEVELOPMENT_TEAM = 2WGLRC4Y2A;
				GENERATE_INFOPLIST_FILE = YES;
				HEADER_SEARCH_PATHS = "";
				INFOPLIST_FILE = Investor/Info.plist;
				INFOPLIST_KEY_UIApplicationSupportsIndirectInputEvents = YES;
				INFOPLIST_KEY_UILaunchStoryboardName = LaunchScreen;
				INFOPLIST_KEY_UISupportedInterfaceOrientations_iPad = "UIInterfaceOrientationPortrait UIInterfaceOrientationPortraitUpsideDown UIInterfaceOrientationLandscapeLeft UIInterfaceOrientationLandscapeRight";
				INFOPLIST_KEY_UISupportedInterfaceOrientations_iPhone = "UIInterfaceOrientationPortrait UIInterfaceOrientationLandscapeLeft UIInterfaceOrientationLandscapeRight";
				LD_RUNPATH_SEARCH_PATHS = (
					"$(inherited)",
					"@executable_path/Frameworks",
				);
				MARKETING_VERSION = 1.0;
				PRODUCT_BUNDLE_IDENTIFIER = com.jeongyeon.Investor;
				PRODUCT_NAME = "$(TARGET_NAME)";
				SWIFT_EMIT_LOC_STRINGS = YES;
				SWIFT_VERSION = 5.0;
				TARGETED_DEVICE_FAMILY = "1,2";
			};
			name = Debug;
		};
		F191CD252B833673004F8659 /* Release */ = {
			isa = XCBuildConfiguration;
			baseConfigurationReference = 187AD8B5E6E5CCC119DBACA4 /* Pods-Investor.release.xcconfig */;
			buildSettings = {
				ASSETCATALOG_COMPILER_APPICON_NAME = AppIcon;
				ASSETCATALOG_COMPILER_GLOBAL_ACCENT_COLOR_NAME = AccentColor;
				CODE_SIGN_STYLE = Automatic;
				CURRENT_PROJECT_VERSION = 1;
				DEVELOPMENT_TEAM = 2WGLRC4Y2A;
				GENERATE_INFOPLIST_FILE = YES;
				HEADER_SEARCH_PATHS = "";
				INFOPLIST_FILE = Investor/Info.plist;
				INFOPLIST_KEY_UIApplicationSupportsIndirectInputEvents = YES;
				INFOPLIST_KEY_UILaunchStoryboardName = LaunchScreen;
				INFOPLIST_KEY_UISupportedInterfaceOrientations_iPad = "UIInterfaceOrientationPortrait UIInterfaceOrientationPortraitUpsideDown UIInterfaceOrientationLandscapeLeft UIInterfaceOrientationLandscapeRight";
				INFOPLIST_KEY_UISupportedInterfaceOrientations_iPhone = "UIInterfaceOrientationPortrait UIInterfaceOrientationLandscapeLeft UIInterfaceOrientationLandscapeRight";
				LD_RUNPATH_SEARCH_PATHS = (
					"$(inherited)",
					"@executable_path/Frameworks",
				);
				MARKETING_VERSION = 1.0;
				PRODUCT_BUNDLE_IDENTIFIER = com.jeongyeon.Investor;
				PRODUCT_NAME = "$(TARGET_NAME)";
				SWIFT_EMIT_LOC_STRINGS = YES;
				SWIFT_VERSION = 5.0;
				TARGETED_DEVICE_FAMILY = "1,2";
			};
			name = Release;
		};
		F191CD272B833673004F8659 /* Debug */ = {
			isa = XCBuildConfiguration;
			baseConfigurationReference = 3846603C7FB593CCD1856692 /* Pods-InvestorTests.debug.xcconfig */;
			buildSettings = {
				ALWAYS_EMBED_SWIFT_STANDARD_LIBRARIES = YES;
				BUNDLE_LOADER = "$(TEST_HOST)";
				CODE_SIGN_STYLE = Automatic;
				CURRENT_PROJECT_VERSION = 1;
				DEVELOPMENT_TEAM = 2WGLRC4Y2A;
				GENERATE_INFOPLIST_FILE = YES;
				IPHONEOS_DEPLOYMENT_TARGET = 17.2;
				MARKETING_VERSION = 1.0;
				PRODUCT_BUNDLE_IDENTIFIER = com.jeongyeon.InvestorTests;
				PRODUCT_NAME = "$(TARGET_NAME)";
				SWIFT_EMIT_LOC_STRINGS = NO;
				SWIFT_VERSION = 5.0;
				TARGETED_DEVICE_FAMILY = "1,2";
				TEST_HOST = "$(BUILT_PRODUCTS_DIR)/Investor.app/$(BUNDLE_EXECUTABLE_FOLDER_PATH)/Investor";
			};
			name = Debug;
		};
		F191CD282B833673004F8659 /* Release */ = {
			isa = XCBuildConfiguration;
			baseConfigurationReference = 2EBD0C5CCB246C93BE32F16B /* Pods-InvestorTests.release.xcconfig */;
			buildSettings = {
				ALWAYS_EMBED_SWIFT_STANDARD_LIBRARIES = YES;
				BUNDLE_LOADER = "$(TEST_HOST)";
				CODE_SIGN_STYLE = Automatic;
				CURRENT_PROJECT_VERSION = 1;
				DEVELOPMENT_TEAM = 2WGLRC4Y2A;
				GENERATE_INFOPLIST_FILE = YES;
				IPHONEOS_DEPLOYMENT_TARGET = 17.2;
				MARKETING_VERSION = 1.0;
				PRODUCT_BUNDLE_IDENTIFIER = com.jeongyeon.InvestorTests;
				PRODUCT_NAME = "$(TARGET_NAME)";
				SWIFT_EMIT_LOC_STRINGS = NO;
				SWIFT_VERSION = 5.0;
				TARGETED_DEVICE_FAMILY = "1,2";
				TEST_HOST = "$(BUILT_PRODUCTS_DIR)/Investor.app/$(BUNDLE_EXECUTABLE_FOLDER_PATH)/Investor";
			};
			name = Release;
		};
		F191CD2A2B833673004F8659 /* Debug */ = {
			isa = XCBuildConfiguration;
			baseConfigurationReference = 0EECB10D372C89B7B66EA357 /* Pods-Investor-InvestorUITests.debug.xcconfig */;
			buildSettings = {
				ALWAYS_EMBED_SWIFT_STANDARD_LIBRARIES = YES;
				CODE_SIGN_STYLE = Automatic;
				CURRENT_PROJECT_VERSION = 1;
				DEVELOPMENT_TEAM = 2WGLRC4Y2A;
				GENERATE_INFOPLIST_FILE = YES;
				MARKETING_VERSION = 1.0;
				PRODUCT_BUNDLE_IDENTIFIER = com.jeongyeon.InvestorUITests;
				PRODUCT_NAME = "$(TARGET_NAME)";
				SWIFT_EMIT_LOC_STRINGS = NO;
				SWIFT_VERSION = 5.0;
				TARGETED_DEVICE_FAMILY = "1,2";
				TEST_TARGET_NAME = Investor;
			};
			name = Debug;
		};
		F191CD2B2B833673004F8659 /* Release */ = {
			isa = XCBuildConfiguration;
			baseConfigurationReference = EDECAF997DA67964F5C88E26 /* Pods-Investor-InvestorUITests.release.xcconfig */;
			buildSettings = {
				ALWAYS_EMBED_SWIFT_STANDARD_LIBRARIES = YES;
				CODE_SIGN_STYLE = Automatic;
				CURRENT_PROJECT_VERSION = 1;
				DEVELOPMENT_TEAM = 2WGLRC4Y2A;
				GENERATE_INFOPLIST_FILE = YES;
				MARKETING_VERSION = 1.0;
				PRODUCT_BUNDLE_IDENTIFIER = com.jeongyeon.InvestorUITests;
				PRODUCT_NAME = "$(TARGET_NAME)";
				SWIFT_EMIT_LOC_STRINGS = NO;
				SWIFT_VERSION = 5.0;
				TARGETED_DEVICE_FAMILY = "1,2";
				TEST_TARGET_NAME = Investor;
			};
			name = Release;
		};
/* End XCBuildConfiguration section */

/* Begin XCConfigurationList section */
		F191CCF42B833673004F8659 /* Build configuration list for PBXProject "Investor" */ = {
			isa = XCConfigurationList;
			buildConfigurations = (
				F191CD212B833673004F8659 /* Debug */,
				F191CD222B833673004F8659 /* Release */,
			);
			defaultConfigurationIsVisible = 0;
			defaultConfigurationName = Release;
		};
		F191CD232B833673004F8659 /* Build configuration list for PBXNativeTarget "Investor" */ = {
			isa = XCConfigurationList;
			buildConfigurations = (
				F191CD242B833673004F8659 /* Debug */,
				F191CD252B833673004F8659 /* Release */,
			);
			defaultConfigurationIsVisible = 0;
			defaultConfigurationName = Release;
		};
		F191CD262B833673004F8659 /* Build configuration list for PBXNativeTarget "InvestorTests" */ = {
			isa = XCConfigurationList;
			buildConfigurations = (
				F191CD272B833673004F8659 /* Debug */,
				F191CD282B833673004F8659 /* Release */,
			);
			defaultConfigurationIsVisible = 0;
			defaultConfigurationName = Release;
		};
		F191CD292B833673004F8659 /* Build configuration list for PBXNativeTarget "InvestorUITests" */ = {
			isa = XCConfigurationList;
			buildConfigurations = (
				F191CD2A2B833673004F8659 /* Debug */,
				F191CD2B2B833673004F8659 /* Release */,
			);
			defaultConfigurationIsVisible = 0;
			defaultConfigurationName = Release;
		};
/* End XCConfigurationList section */

/* Begin XCRemoteSwiftPackageReference section */
		F104835B2B84CF5E007D532A /* XCRemoteSwiftPackageReference "GoogleSignIn-iOS" */ = {
			isa = XCRemoteSwiftPackageReference;
			repositoryURL = "https://github.com/google/GoogleSignIn-iOS";
			requirement = {
				kind = upToNextMajorVersion;
				minimumVersion = 7.0.0;
			};
		};
		F195C7902B833A2100BCF35C /* XCRemoteSwiftPackageReference "SnapKit" */ = {
			isa = XCRemoteSwiftPackageReference;
			repositoryURL = "https://github.com/SnapKit/SnapKit";
			requirement = {
				kind = upToNextMajorVersion;
				minimumVersion = 5.7.1;
			};
		};
		F195C7952B833A6E00BCF35C /* XCRemoteSwiftPackageReference "RxSwift" */ = {
			isa = XCRemoteSwiftPackageReference;
			repositoryURL = "https://github.com/ReactiveX/RxSwift.git";
			requirement = {
				kind = upToNextMajorVersion;
				minimumVersion = 6.6.0;
			};
		};
		F195C79E2B833AA600BCF35C /* XCRemoteSwiftPackageReference "Kingfisher" */ = {
			isa = XCRemoteSwiftPackageReference;
			repositoryURL = "https://github.com/onevcat/Kingfisher.git";
			requirement = {
				kind = upToNextMajorVersion;
				minimumVersion = 7.11.0;
			};
		};
		F195C7A22B83722B00BCF35C /* XCRemoteSwiftPackageReference "firebase-ios-sdk" */ = {
			isa = XCRemoteSwiftPackageReference;
			repositoryURL = "https://github.com/firebase/firebase-ios-sdk";
			requirement = {
				kind = upToNextMajorVersion;
				minimumVersion = 10.21.0;
			};
		};
/* End XCRemoteSwiftPackageReference section */

/* Begin XCSwiftPackageProductDependency section */
		F104835C2B84CF5E007D532A /* GoogleSignIn */ = {
			isa = XCSwiftPackageProductDependency;
			package = F104835B2B84CF5E007D532A /* XCRemoteSwiftPackageReference "GoogleSignIn-iOS" */;
			productName = GoogleSignIn;
		};
		F104835E2B84CF5E007D532A /* GoogleSignInSwift */ = {
			isa = XCSwiftPackageProductDependency;
			package = F104835B2B84CF5E007D532A /* XCRemoteSwiftPackageReference "GoogleSignIn-iOS" */;
			productName = GoogleSignInSwift;
		};
		F195C7912B833A2100BCF35C /* SnapKit */ = {
			isa = XCSwiftPackageProductDependency;
			package = F195C7902B833A2100BCF35C /* XCRemoteSwiftPackageReference "SnapKit" */;
			productName = SnapKit;
		};
		F195C7932B833A2100BCF35C /* SnapKit-Dynamic */ = {
			isa = XCSwiftPackageProductDependency;
			package = F195C7902B833A2100BCF35C /* XCRemoteSwiftPackageReference "SnapKit" */;
			productName = "SnapKit-Dynamic";
		};
		F195C7962B833A6E00BCF35C /* RxCocoa */ = {
			isa = XCSwiftPackageProductDependency;
			package = F195C7952B833A6E00BCF35C /* XCRemoteSwiftPackageReference "RxSwift" */;
			productName = RxCocoa;
		};
		F195C7982B833A6E00BCF35C /* RxCocoa-Dynamic */ = {
			isa = XCSwiftPackageProductDependency;
			package = F195C7952B833A6E00BCF35C /* XCRemoteSwiftPackageReference "RxSwift" */;
			productName = "RxCocoa-Dynamic";
		};
		F195C79A2B833A6E00BCF35C /* RxSwift */ = {
			isa = XCSwiftPackageProductDependency;
			package = F195C7952B833A6E00BCF35C /* XCRemoteSwiftPackageReference "RxSwift" */;
			productName = RxSwift;
		};
		F195C79C2B833A6E00BCF35C /* RxSwift-Dynamic */ = {
			isa = XCSwiftPackageProductDependency;
			package = F195C7952B833A6E00BCF35C /* XCRemoteSwiftPackageReference "RxSwift" */;
			productName = "RxSwift-Dynamic";
		};
		F195C79F2B833AA700BCF35C /* Kingfisher */ = {
			isa = XCSwiftPackageProductDependency;
			package = F195C79E2B833AA600BCF35C /* XCRemoteSwiftPackageReference "Kingfisher" */;
			productName = Kingfisher;
		};
		F195C7A32B83722B00BCF35C /* FirebaseAuth */ = {
			isa = XCSwiftPackageProductDependency;
			package = F195C7A22B83722B00BCF35C /* XCRemoteSwiftPackageReference "firebase-ios-sdk" */;
			productName = FirebaseAuth;
		};
		F195C7A52B83722B00BCF35C /* FirebaseFirestore */ = {
			isa = XCSwiftPackageProductDependency;
			package = F195C7A22B83722B00BCF35C /* XCRemoteSwiftPackageReference "firebase-ios-sdk" */;
			productName = FirebaseFirestore;
		};
/* End XCSwiftPackageProductDependency section */
	};
	rootObject = F191CCF12B833673004F8659 /* Project object */;
}
