// !$*UTF8*$!
{
	archiveVersion = 1;
	classes = {
	};
	objectVersion = 56;
	objects = {

/* Begin PBXBuildFile section */
		F1E0A5F22BBD1F8500C2CFCE /* AppDelegate.swift in Sources */ = {isa = PBXBuildFile; fileRef = F1E0A5F12BBD1F8500C2CFCE /* AppDelegate.swift */; };
		F1E0A5F42BBD1F8500C2CFCE /* SceneDelegate.swift in Sources */ = {isa = PBXBuildFile; fileRef = F1E0A5F32BBD1F8500C2CFCE /* SceneDelegate.swift */; };
		F1E0A5F62BBD1F8500C2CFCE /* ViewController.swift in Sources */ = {isa = PBXBuildFile; fileRef = F1E0A5F52BBD1F8500C2CFCE /* ViewController.swift */; };
		F1E0A5F92BBD1F8500C2CFCE /* Base in Resources */ = {isa = PBXBuildFile; fileRef = F1E0A5F82BBD1F8500C2CFCE /* Base */; };
		F1E0A5FB2BBD1F8600C2CFCE /* Assets.xcassets in Resources */ = {isa = PBXBuildFile; fileRef = F1E0A5FA2BBD1F8600C2CFCE /* Assets.xcassets */; };
		F1E0A5FE2BBD1F8600C2CFCE /* Base in Resources */ = {isa = PBXBuildFile; fileRef = F1E0A5FD2BBD1F8600C2CFCE /* Base */; };
		F1E0A6092BBD1F8600C2CFCE /* InvestorTests.swift in Sources */ = {isa = PBXBuildFile; fileRef = F1E0A6082BBD1F8600C2CFCE /* InvestorTests.swift */; };
		F1E0A6132BBD1F8600C2CFCE /* InvestorUITests.swift in Sources */ = {isa = PBXBuildFile; fileRef = F1E0A6122BBD1F8600C2CFCE /* InvestorUITests.swift */; };
		F1E0A6152BBD1F8600C2CFCE /* InvestorUITestsLaunchTests.swift in Sources */ = {isa = PBXBuildFile; fileRef = F1E0A6142BBD1F8600C2CFCE /* InvestorUITestsLaunchTests.swift */; };
/* End PBXBuildFile section */

/* Begin PBXContainerItemProxy section */
		F1E0A6052BBD1F8600C2CFCE /* PBXContainerItemProxy */ = {
			isa = PBXContainerItemProxy;
			containerPortal = F1E0A5E62BBD1F8500C2CFCE /* Project object */;
			proxyType = 1;
			remoteGlobalIDString = F1E0A5ED2BBD1F8500C2CFCE;
			remoteInfo = Investor;
		};
		F1E0A60F2BBD1F8600C2CFCE /* PBXContainerItemProxy */ = {
			isa = PBXContainerItemProxy;
			containerPortal = F1E0A5E62BBD1F8500C2CFCE /* Project object */;
			proxyType = 1;
			remoteGlobalIDString = F1E0A5ED2BBD1F8500C2CFCE;
			remoteInfo = Investor;
		};
/* End PBXContainerItemProxy section */

/* Begin PBXFileReference section */
		F1E0A5EE2BBD1F8500C2CFCE /* Investor.app */ = {isa = PBXFileReference; explicitFileType = wrapper.application; includeInIndex = 0; path = Investor.app; sourceTree = BUILT_PRODUCTS_DIR; };
		F1E0A5F12BBD1F8500C2CFCE /* AppDelegate.swift */ = {isa = PBXFileReference; lastKnownFileType = sourcecode.swift; path = AppDelegate.swift; sourceTree = "<group>"; };
		F1E0A5F32BBD1F8500C2CFCE /* SceneDelegate.swift */ = {isa = PBXFileReference; lastKnownFileType = sourcecode.swift; path = SceneDelegate.swift; sourceTree = "<group>"; };
		F1E0A5F52BBD1F8500C2CFCE /* ViewController.swift */ = {isa = PBXFileReference; lastKnownFileType = sourcecode.swift; path = ViewController.swift; sourceTree = "<group>"; };
		F1E0A5F82BBD1F8500C2CFCE /* Base */ = {isa = PBXFileReference; lastKnownFileType = file.storyboard; name = Base; path = Base.lproj/Main.storyboard; sourceTree = "<group>"; };
		F1E0A5FA2BBD1F8600C2CFCE /* Assets.xcassets */ = {isa = PBXFileReference; lastKnownFileType = folder.assetcatalog; path = Assets.xcassets; sourceTree = "<group>"; };
		F1E0A5FD2BBD1F8600C2CFCE /* Base */ = {isa = PBXFileReference; lastKnownFileType = file.storyboard; name = Base; path = Base.lproj/LaunchScreen.storyboard; sourceTree = "<group>"; };
		F1E0A5FF2BBD1F8600C2CFCE /* Info.plist */ = {isa = PBXFileReference; lastKnownFileType = text.plist.xml; path = Info.plist; sourceTree = "<group>"; };
		F1E0A6042BBD1F8600C2CFCE /* InvestorTests.xctest */ = {isa = PBXFileReference; explicitFileType = wrapper.cfbundle; includeInIndex = 0; path = InvestorTests.xctest; sourceTree = BUILT_PRODUCTS_DIR; };
		F1E0A6082BBD1F8600C2CFCE /* InvestorTests.swift */ = {isa = PBXFileReference; lastKnownFileType = sourcecode.swift; path = InvestorTests.swift; sourceTree = "<group>"; };
		F1E0A60E2BBD1F8600C2CFCE /* InvestorUITests.xctest */ = {isa = PBXFileReference; explicitFileType = wrapper.cfbundle; includeInIndex = 0; path = InvestorUITests.xctest; sourceTree = BUILT_PRODUCTS_DIR; };
		F1E0A6122BBD1F8600C2CFCE /* InvestorUITests.swift */ = {isa = PBXFileReference; lastKnownFileType = sourcecode.swift; path = InvestorUITests.swift; sourceTree = "<group>"; };
		F1E0A6142BBD1F8600C2CFCE /* InvestorUITestsLaunchTests.swift */ = {isa = PBXFileReference; lastKnownFileType = sourcecode.swift; path = InvestorUITestsLaunchTests.swift; sourceTree = "<group>"; };
/* End PBXFileReference section */

/* Begin PBXFrameworksBuildPhase section */
		F1E0A5EB2BBD1F8500C2CFCE /* Frameworks */ = {
			isa = PBXFrameworksBuildPhase;
			buildActionMask = 2147483647;
			files = (
			);
			runOnlyForDeploymentPostprocessing = 0;
		};
		F1E0A6012BBD1F8600C2CFCE /* Frameworks */ = {
			isa = PBXFrameworksBuildPhase;
			buildActionMask = 2147483647;
			files = (
			);
			runOnlyForDeploymentPostprocessing = 0;
		};
		F1E0A60B2BBD1F8600C2CFCE /* Frameworks */ = {
			isa = PBXFrameworksBuildPhase;
			buildActionMask = 2147483647;
			files = (
			);
			runOnlyForDeploymentPostprocessing = 0;
		};
/* End PBXFrameworksBuildPhase section */

/* Begin PBXGroup section */
		F1E0A5E52BBD1F8500C2CFCE = {
			isa = PBXGroup;
			children = (
				F1E0A5F02BBD1F8500C2CFCE /* Investor */,
				F1E0A6072BBD1F8600C2CFCE /* InvestorTests */,
				F1E0A6112BBD1F8600C2CFCE /* InvestorUITests */,
				F1E0A5EF2BBD1F8500C2CFCE /* Products */,
			);
			sourceTree = "<group>";
		};
		F1E0A5EF2BBD1F8500C2CFCE /* Products */ = {
			isa = PBXGroup;
			children = (
				F1E0A5EE2BBD1F8500C2CFCE /* Investor.app */,
				F1E0A6042BBD1F8600C2CFCE /* InvestorTests.xctest */,
				F1E0A60E2BBD1F8600C2CFCE /* InvestorUITests.xctest */,
			);
			name = Products;
			sourceTree = "<group>";
		};
		F1E0A5F02BBD1F8500C2CFCE /* Investor */ = {
			isa = PBXGroup;
			children = (
				F1E0A5F12BBD1F8500C2CFCE /* AppDelegate.swift */,
				F1E0A5F32BBD1F8500C2CFCE /* SceneDelegate.swift */,
				F1E0A5F52BBD1F8500C2CFCE /* ViewController.swift */,
				F1E0A5F72BBD1F8500C2CFCE /* Main.storyboard */,
				F1E0A5FA2BBD1F8600C2CFCE /* Assets.xcassets */,
				F1E0A5FC2BBD1F8600C2CFCE /* LaunchScreen.storyboard */,
				F1E0A5FF2BBD1F8600C2CFCE /* Info.plist */,
			);
			path = Investor;
			sourceTree = "<group>";
		};
		F1E0A6072BBD1F8600C2CFCE /* InvestorTests */ = {
			isa = PBXGroup;
			children = (
				F1E0A6082BBD1F8600C2CFCE /* InvestorTests.swift */,
			);
			path = InvestorTests;
			sourceTree = "<group>";
		};
		F1E0A6112BBD1F8600C2CFCE /* InvestorUITests */ = {
			isa = PBXGroup;
			children = (
				F1E0A6122BBD1F8600C2CFCE /* InvestorUITests.swift */,
				F1E0A6142BBD1F8600C2CFCE /* InvestorUITestsLaunchTests.swift */,
			);
			path = InvestorUITests;
			sourceTree = "<group>";
		};
/* End PBXGroup section */

/* Begin PBXNativeTarget section */
		F1E0A5ED2BBD1F8500C2CFCE /* Investor */ = {
			isa = PBXNativeTarget;
			buildConfigurationList = F1E0A6182BBD1F8600C2CFCE /* Build configuration list for PBXNativeTarget "Investor" */;
			buildPhases = (
				F1E0A5EA2BBD1F8500C2CFCE /* Sources */,
				F1E0A5EB2BBD1F8500C2CFCE /* Frameworks */,
				F1E0A5EC2BBD1F8500C2CFCE /* Resources */,
			);
			buildRules = (
			);
			dependencies = (
			);
			name = Investor;
			productName = Investor;
			productReference = F1E0A5EE2BBD1F8500C2CFCE /* Investor.app */;
			productType = "com.apple.product-type.application";
		};
		F1E0A6032BBD1F8600C2CFCE /* InvestorTests */ = {
			isa = PBXNativeTarget;
			buildConfigurationList = F1E0A61B2BBD1F8600C2CFCE /* Build configuration list for PBXNativeTarget "InvestorTests" */;
			buildPhases = (
				F1E0A6002BBD1F8600C2CFCE /* Sources */,
				F1E0A6012BBD1F8600C2CFCE /* Frameworks */,
				F1E0A6022BBD1F8600C2CFCE /* Resources */,
			);
			buildRules = (
			);
			dependencies = (
				F1E0A6062BBD1F8600C2CFCE /* PBXTargetDependency */,
			);
			name = InvestorTests;
			productName = InvestorTests;
			productReference = F1E0A6042BBD1F8600C2CFCE /* InvestorTests.xctest */;
			productType = "com.apple.product-type.bundle.unit-test";
		};
		F1E0A60D2BBD1F8600C2CFCE /* InvestorUITests */ = {
			isa = PBXNativeTarget;
			buildConfigurationList = F1E0A61E2BBD1F8600C2CFCE /* Build configuration list for PBXNativeTarget "InvestorUITests" */;
			buildPhases = (
				F1E0A60A2BBD1F8600C2CFCE /* Sources */,
				F1E0A60B2BBD1F8600C2CFCE /* Frameworks */,
				F1E0A60C2BBD1F8600C2CFCE /* Resources */,
			);
			buildRules = (
			);
			dependencies = (
				F1E0A6102BBD1F8600C2CFCE /* PBXTargetDependency */,
			);
			name = InvestorUITests;
			productName = InvestorUITests;
			productReference = F1E0A60E2BBD1F8600C2CFCE /* InvestorUITests.xctest */;
			productType = "com.apple.product-type.bundle.ui-testing";
		};
/* End PBXNativeTarget section */

/* Begin PBXProject section */
		F1E0A5E62BBD1F8500C2CFCE /* Project object */ = {
			isa = PBXProject;
			attributes = {
				BuildIndependentTargetsInParallel = 1;
				LastSwiftUpdateCheck = 1530;
				LastUpgradeCheck = 1530;
				TargetAttributes = {
					F1E0A5ED2BBD1F8500C2CFCE = {
						CreatedOnToolsVersion = 15.3;
					};
					F1E0A6032BBD1F8600C2CFCE = {
						CreatedOnToolsVersion = 15.3;
						TestTargetID = F1E0A5ED2BBD1F8500C2CFCE;
					};
					F1E0A60D2BBD1F8600C2CFCE = {
						CreatedOnToolsVersion = 15.3;
						TestTargetID = F1E0A5ED2BBD1F8500C2CFCE;
					};
				};
			};
			buildConfigurationList = F1E0A5E92BBD1F8500C2CFCE /* Build configuration list for PBXProject "Investor" */;
			compatibilityVersion = "Xcode 14.0";
			developmentRegion = en;
			hasScannedForEncodings = 0;
			knownRegions = (
				en,
				Base,
			);
			mainGroup = F1E0A5E52BBD1F8500C2CFCE;
			productRefGroup = F1E0A5EF2BBD1F8500C2CFCE /* Products */;
			projectDirPath = "";
			projectRoot = "";
			targets = (
				F1E0A5ED2BBD1F8500C2CFCE /* Investor */,
				F1E0A6032BBD1F8600C2CFCE /* InvestorTests */,
				F1E0A60D2BBD1F8600C2CFCE /* InvestorUITests */,
			);
		};
/* End PBXProject section */

/* Begin PBXResourcesBuildPhase section */
		F1E0A5EC2BBD1F8500C2CFCE /* Resources */ = {
			isa = PBXResourcesBuildPhase;
			buildActionMask = 2147483647;
			files = (
				F1E0A5FB2BBD1F8600C2CFCE /* Assets.xcassets in Resources */,
				F1E0A5FE2BBD1F8600C2CFCE /* Base in Resources */,
				F1E0A5F92BBD1F8500C2CFCE /* Base in Resources */,
			);
			runOnlyForDeploymentPostprocessing = 0;
		};
		F1E0A6022BBD1F8600C2CFCE /* Resources */ = {
			isa = PBXResourcesBuildPhase;
			buildActionMask = 2147483647;
			files = (
			);
			runOnlyForDeploymentPostprocessing = 0;
		};
		F1E0A60C2BBD1F8600C2CFCE /* Resources */ = {
			isa = PBXResourcesBuildPhase;
			buildActionMask = 2147483647;
			files = (
			);
			runOnlyForDeploymentPostprocessing = 0;
		};
/* End PBXResourcesBuildPhase section */

/* Begin PBXSourcesBuildPhase section */
		F1E0A5EA2BBD1F8500C2CFCE /* Sources */ = {
			isa = PBXSourcesBuildPhase;
			buildActionMask = 2147483647;
			files = (
				F1E0A5F62BBD1F8500C2CFCE /* ViewController.swift in Sources */,
				F1E0A5F22BBD1F8500C2CFCE /* AppDelegate.swift in Sources */,
				F1E0A5F42BBD1F8500C2CFCE /* SceneDelegate.swift in Sources */,
			);
			runOnlyForDeploymentPostprocessing = 0;
		};
		F1E0A6002BBD1F8600C2CFCE /* Sources */ = {
			isa = PBXSourcesBuildPhase;
			buildActionMask = 2147483647;
			files = (
				F1E0A6092BBD1F8600C2CFCE /* InvestorTests.swift in Sources */,
			);
			runOnlyForDeploymentPostprocessing = 0;
		};
		F1E0A60A2BBD1F8600C2CFCE /* Sources */ = {
			isa = PBXSourcesBuildPhase;
			buildActionMask = 2147483647;
			files = (
				F1E0A6152BBD1F8600C2CFCE /* InvestorUITestsLaunchTests.swift in Sources */,
				F1E0A6132BBD1F8600C2CFCE /* InvestorUITests.swift in Sources */,
			);
			runOnlyForDeploymentPostprocessing = 0;
		};
/* End PBXSourcesBuildPhase section */

/* Begin PBXTargetDependency section */
		F1E0A6062BBD1F8600C2CFCE /* PBXTargetDependency */ = {
			isa = PBXTargetDependency;
			target = F1E0A5ED2BBD1F8500C2CFCE /* Investor */;
			targetProxy = F1E0A6052BBD1F8600C2CFCE /* PBXContainerItemProxy */;
		};
		F1E0A6102BBD1F8600C2CFCE /* PBXTargetDependency */ = {
			isa = PBXTargetDependency;
			target = F1E0A5ED2BBD1F8500C2CFCE /* Investor */;
			targetProxy = F1E0A60F2BBD1F8600C2CFCE /* PBXContainerItemProxy */;
		};
/* End PBXTargetDependency section */

/* Begin PBXVariantGroup section */
		F1E0A5F72BBD1F8500C2CFCE /* Main.storyboard */ = {
			isa = PBXVariantGroup;
			children = (
				F1E0A5F82BBD1F8500C2CFCE /* Base */,
			);
			name = Main.storyboard;
			sourceTree = "<group>";
		};
		F1E0A5FC2BBD1F8600C2CFCE /* LaunchScreen.storyboard */ = {
			isa = PBXVariantGroup;
			children = (
				F1E0A5FD2BBD1F8600C2CFCE /* Base */,
			);
			name = LaunchScreen.storyboard;
			sourceTree = "<group>";
		};
/* End PBXVariantGroup section */

/* Begin XCBuildConfiguration section */
		F1E0A6162BBD1F8600C2CFCE /* Debug */ = {
			isa = XCBuildConfiguration;
			buildSettings = {
				ALWAYS_SEARCH_USER_PATHS = NO;
				ASSETCATALOG_COMPILER_GENERATE_SWIFT_ASSET_SYMBOL_EXTENSIONS = YES;
				CLANG_ANALYZER_NONNULL = YES;
				CLANG_ANALYZER_NUMBER_OBJECT_CONVERSION = YES_AGGRESSIVE;
				CLANG_CXX_LANGUAGE_STANDARD = "gnu++20";
				CLANG_ENABLE_MODULES = YES;
				CLANG_ENABLE_OBJC_ARC = YES;
				CLANG_ENABLE_OBJC_WEAK = YES;
				CLANG_WARN_BLOCK_CAPTURE_AUTORELEASING = YES;
				CLANG_WARN_BOOL_CONVERSION = YES;
				CLANG_WARN_COMMA = YES;
				CLANG_WARN_CONSTANT_CONVERSION = YES;
				CLANG_WARN_DEPRECATED_OBJC_IMPLEMENTATIONS = YES;
				CLANG_WARN_DIRECT_OBJC_ISA_USAGE = YES_ERROR;
				CLANG_WARN_DOCUMENTATION_COMMENTS = YES;
				CLANG_WARN_EMPTY_BODY = YES;
				CLANG_WARN_ENUM_CONVERSION = YES;
				CLANG_WARN_INFINITE_RECURSION = YES;
				CLANG_WARN_INT_CONVERSION = YES;
				CLANG_WARN_NON_LITERAL_NULL_CONVERSION = YES;
				CLANG_WARN_OBJC_IMPLICIT_RETAIN_SELF = YES;
				CLANG_WARN_OBJC_LITERAL_CONVERSION = YES;
				CLANG_WARN_OBJC_ROOT_CLASS = YES_ERROR;
				CLANG_WARN_QUOTED_INCLUDE_IN_FRAMEWORK_HEADER = YES;
				CLANG_WARN_RANGE_LOOP_ANALYSIS = YES;
				CLANG_WARN_STRICT_PROTOTYPES = YES;
				CLANG_WARN_SUSPICIOUS_MOVE = YES;
				CLANG_WARN_UNGUARDED_AVAILABILITY = YES_AGGRESSIVE;
				CLANG_WARN_UNREACHABLE_CODE = YES;
				CLANG_WARN__DUPLICATE_METHOD_MATCH = YES;
				COPY_PHASE_STRIP = NO;
				DEBUG_INFORMATION_FORMAT = dwarf;
				ENABLE_STRICT_OBJC_MSGSEND = YES;
				ENABLE_TESTABILITY = YES;
				ENABLE_USER_SCRIPT_SANDBOXING = YES;
				GCC_C_LANGUAGE_STANDARD = gnu17;
				GCC_DYNAMIC_NO_PIC = NO;
				GCC_NO_COMMON_BLOCKS = YES;
				GCC_OPTIMIZATION_LEVEL = 0;
				GCC_PREPROCESSOR_DEFINITIONS = (
					"DEBUG=1",
					"$(inherited)",
				);
				GCC_WARN_64_TO_32_BIT_CONVERSION = YES;
				GCC_WARN_ABOUT_RETURN_TYPE = YES_ERROR;
				GCC_WARN_UNDECLARED_SELECTOR = YES;
				GCC_WARN_UNINITIALIZED_AUTOS = YES_AGGRESSIVE;
				GCC_WARN_UNUSED_FUNCTION = YES;
				GCC_WARN_UNUSED_VARIABLE = YES;
				IPHONEOS_DEPLOYMENT_TARGET = 17.4;
				LOCALIZATION_PREFERS_STRING_CATALOGS = YES;
				MTL_ENABLE_DEBUG_INFO = INCLUDE_SOURCE;
				MTL_FAST_MATH = YES;
				ONLY_ACTIVE_ARCH = YES;
				SDKROOT = iphoneos;
				SWIFT_ACTIVE_COMPILATION_CONDITIONS = "DEBUG $(inherited)";
				SWIFT_OPTIMIZATION_LEVEL = "-Onone";
			};
			name = Debug;
		};
		F1E0A6172BBD1F8600C2CFCE /* Release */ = {
			isa = XCBuildConfiguration;
			buildSettings = {
				ALWAYS_SEARCH_USER_PATHS = NO;
				ASSETCATALOG_COMPILER_GENERATE_SWIFT_ASSET_SYMBOL_EXTENSIONS = YES;
				CLANG_ANALYZER_NONNULL = YES;
				CLANG_ANALYZER_NUMBER_OBJECT_CONVERSION = YES_AGGRESSIVE;
				CLANG_CXX_LANGUAGE_STANDARD = "gnu++20";
				CLANG_ENABLE_MODULES = YES;
				CLANG_ENABLE_OBJC_ARC = YES;
				CLANG_ENABLE_OBJC_WEAK = YES;
				CLANG_WARN_BLOCK_CAPTURE_AUTORELEASING = YES;
				CLANG_WARN_BOOL_CONVERSION = YES;
				CLANG_WARN_COMMA = YES;
				CLANG_WARN_CONSTANT_CONVERSION = YES;
				CLANG_WARN_DEPRECATED_OBJC_IMPLEMENTATIONS = YES;
				CLANG_WARN_DIRECT_OBJC_ISA_USAGE = YES_ERROR;
				CLANG_WARN_DOCUMENTATION_COMMENTS = YES;
				CLANG_WARN_EMPTY_BODY = YES;
				CLANG_WARN_ENUM_CONVERSION = YES;
				CLANG_WARN_INFINITE_RECURSION = YES;
				CLANG_WARN_INT_CONVERSION = YES;
				CLANG_WARN_NON_LITERAL_NULL_CONVERSION = YES;
				CLANG_WARN_OBJC_IMPLICIT_RETAIN_SELF = YES;
				CLANG_WARN_OBJC_LITERAL_CONVERSION = YES;
				CLANG_WARN_OBJC_ROOT_CLASS = YES_ERROR;
				CLANG_WARN_QUOTED_INCLUDE_IN_FRAMEWORK_HEADER = YES;
				CLANG_WARN_RANGE_LOOP_ANALYSIS = YES;
				CLANG_WARN_STRICT_PROTOTYPES = YES;
				CLANG_WARN_SUSPICIOUS_MOVE = YES;
				CLANG_WARN_UNGUARDED_AVAILABILITY = YES_AGGRESSIVE;
				CLANG_WARN_UNREACHABLE_CODE = YES;
				CLANG_WARN__DUPLICATE_METHOD_MATCH = YES;
				COPY_PHASE_STRIP = NO;
				DEBUG_INFORMATION_FORMAT = "dwarf-with-dsym";
				ENABLE_NS_ASSERTIONS = NO;
				ENABLE_STRICT_OBJC_MSGSEND = YES;
				ENABLE_USER_SCRIPT_SANDBOXING = YES;
				GCC_C_LANGUAGE_STANDARD = gnu17;
				GCC_NO_COMMON_BLOCKS = YES;
				GCC_WARN_64_TO_32_BIT_CONVERSION = YES;
				GCC_WARN_ABOUT_RETURN_TYPE = YES_ERROR;
				GCC_WARN_UNDECLARED_SELECTOR = YES;
				GCC_WARN_UNINITIALIZED_AUTOS = YES_AGGRESSIVE;
				GCC_WARN_UNUSED_FUNCTION = YES;
				GCC_WARN_UNUSED_VARIABLE = YES;
				IPHONEOS_DEPLOYMENT_TARGET = 17.4;
				LOCALIZATION_PREFERS_STRING_CATALOGS = YES;
				MTL_ENABLE_DEBUG_INFO = NO;
				MTL_FAST_MATH = YES;
				SDKROOT = iphoneos;
				SWIFT_COMPILATION_MODE = wholemodule;
				VALIDATE_PRODUCT = YES;
			};
			name = Release;
		};
		F1E0A6192BBD1F8600C2CFCE /* Debug */ = {
			isa = XCBuildConfiguration;
			buildSettings = {
				ASSETCATALOG_COMPILER_APPICON_NAME = AppIcon;
				ASSETCATALOG_COMPILER_GLOBAL_ACCENT_COLOR_NAME = AccentColor;
				CODE_SIGN_STYLE = Automatic;
				CURRENT_PROJECT_VERSION = 1;
				DEVELOPMENT_TEAM = 2WGLRC4Y2A;
				GENERATE_INFOPLIST_FILE = YES;
				INFOPLIST_FILE = Investor/Info.plist;
				INFOPLIST_KEY_UIApplicationSupportsIndirectInputEvents = YES;
				INFOPLIST_KEY_UILaunchStoryboardName = LaunchScreen;
				INFOPLIST_KEY_UIMainStoryboardFile = Main;
				INFOPLIST_KEY_UISupportedInterfaceOrientations_iPad = "UIInterfaceOrientationPortrait UIInterfaceOrientationPortraitUpsideDown UIInterfaceOrientationLandscapeLeft UIInterfaceOrientationLandscapeRight";
				INFOPLIST_KEY_UISupportedInterfaceOrientations_iPhone = "UIInterfaceOrientationPortrait UIInterfaceOrientationLandscapeLeft UIInterfaceOrientationLandscapeRight";
				LD_RUNPATH_SEARCH_PATHS = (
					"$(inherited)",
					"@executable_path/Frameworks",
				);
				MARKETING_VERSION = 1.0;
				PRODUCT_BUNDLE_IDENTIFIER = com.jeongyeon.Investor;
				PRODUCT_NAME = "$(TARGET_NAME)";
				SWIFT_EMIT_LOC_STRINGS = YES;
				SWIFT_VERSION = 5.0;
				TARGETED_DEVICE_FAMILY = "1,2";
			};
			name = Debug;
		};
		F1E0A61A2BBD1F8600C2CFCE /* Release */ = {
			isa = XCBuildConfiguration;
			buildSettings = {
				ASSETCATALOG_COMPILER_APPICON_NAME = AppIcon;
				ASSETCATALOG_COMPILER_GLOBAL_ACCENT_COLOR_NAME = AccentColor;
				CODE_SIGN_STYLE = Automatic;
				CURRENT_PROJECT_VERSION = 1;
				DEVELOPMENT_TEAM = 2WGLRC4Y2A;
				GENERATE_INFOPLIST_FILE = YES;
				INFOPLIST_FILE = Investor/Info.plist;
				INFOPLIST_KEY_UIApplicationSupportsIndirectInputEvents = YES;
				INFOPLIST_KEY_UILaunchStoryboardName = LaunchScreen;
				INFOPLIST_KEY_UIMainStoryboardFile = Main;
				INFOPLIST_KEY_UISupportedInterfaceOrientations_iPad = "UIInterfaceOrientationPortrait UIInterfaceOrientationPortraitUpsideDown UIInterfaceOrientationLandscapeLeft UIInterfaceOrientationLandscapeRight";
				INFOPLIST_KEY_UISupportedInterfaceOrientations_iPhone = "UIInterfaceOrientationPortrait UIInterfaceOrientationLandscapeLeft UIInterfaceOrientationLandscapeRight";
				LD_RUNPATH_SEARCH_PATHS = (
					"$(inherited)",
					"@executable_path/Frameworks",
				);
				MARKETING_VERSION = 1.0;
				PRODUCT_BUNDLE_IDENTIFIER = com.jeongyeon.Investor;
				PRODUCT_NAME = "$(TARGET_NAME)";
				SWIFT_EMIT_LOC_STRINGS = YES;
				SWIFT_VERSION = 5.0;
				TARGETED_DEVICE_FAMILY = "1,2";
			};
			name = Release;
		};
		F1E0A61C2BBD1F8600C2CFCE /* Debug */ = {
			isa = XCBuildConfiguration;
			buildSettings = {
				ALWAYS_EMBED_SWIFT_STANDARD_LIBRARIES = YES;
				BUNDLE_LOADER = "$(TEST_HOST)";
				CODE_SIGN_STYLE = Automatic;
				CURRENT_PROJECT_VERSION = 1;
				DEVELOPMENT_TEAM = 2WGLRC4Y2A;
				GENERATE_INFOPLIST_FILE = YES;
				IPHONEOS_DEPLOYMENT_TARGET = 17.4;
				MARKETING_VERSION = 1.0;
				PRODUCT_BUNDLE_IDENTIFIER = com.jeongyeon.InvestorTests;
				PRODUCT_NAME = "$(TARGET_NAME)";
				SWIFT_EMIT_LOC_STRINGS = NO;
				SWIFT_VERSION = 5.0;
				TARGETED_DEVICE_FAMILY = "1,2";
				TEST_HOST = "$(BUILT_PRODUCTS_DIR)/Investor.app/$(BUNDLE_EXECUTABLE_FOLDER_PATH)/Investor";
			};
			name = Debug;
		};
		F1E0A61D2BBD1F8600C2CFCE /* Release */ = {
			isa = XCBuildConfiguration;
			buildSettings = {
				ALWAYS_EMBED_SWIFT_STANDARD_LIBRARIES = YES;
				BUNDLE_LOADER = "$(TEST_HOST)";
				CODE_SIGN_STYLE = Automatic;
				CURRENT_PROJECT_VERSION = 1;
				DEVELOPMENT_TEAM = 2WGLRC4Y2A;
				GENERATE_INFOPLIST_FILE = YES;
				IPHONEOS_DEPLOYMENT_TARGET = 17.4;
				MARKETING_VERSION = 1.0;
				PRODUCT_BUNDLE_IDENTIFIER = com.jeongyeon.InvestorTests;
				PRODUCT_NAME = "$(TARGET_NAME)";
				SWIFT_EMIT_LOC_STRINGS = NO;
				SWIFT_VERSION = 5.0;
				TARGETED_DEVICE_FAMILY = "1,2";
				TEST_HOST = "$(BUILT_PRODUCTS_DIR)/Investor.app/$(BUNDLE_EXECUTABLE_FOLDER_PATH)/Investor";
			};
			name = Release;
		};
		F1E0A61F2BBD1F8600C2CFCE /* Debug */ = {
			isa = XCBuildConfiguration;
			buildSettings = {
				ALWAYS_EMBED_SWIFT_STANDARD_LIBRARIES = YES;
				CODE_SIGN_STYLE = Automatic;
				CURRENT_PROJECT_VERSION = 1;
				DEVELOPMENT_TEAM = 2WGLRC4Y2A;
				GENERATE_INFOPLIST_FILE = YES;
				MARKETING_VERSION = 1.0;
				PRODUCT_BUNDLE_IDENTIFIER = com.jeongyeon.InvestorUITests;
				PRODUCT_NAME = "$(TARGET_NAME)";
				SWIFT_EMIT_LOC_STRINGS = NO;
				SWIFT_VERSION = 5.0;
				TARGETED_DEVICE_FAMILY = "1,2";
				TEST_TARGET_NAME = Investor;
			};
			name = Debug;
		};
		F1E0A6202BBD1F8600C2CFCE /* Release */ = {
			isa = XCBuildConfiguration;
			buildSettings = {
				ALWAYS_EMBED_SWIFT_STANDARD_LIBRARIES = YES;
				CODE_SIGN_STYLE = Automatic;
				CURRENT_PROJECT_VERSION = 1;
				DEVELOPMENT_TEAM = 2WGLRC4Y2A;
				GENERATE_INFOPLIST_FILE = YES;
				MARKETING_VERSION = 1.0;
				PRODUCT_BUNDLE_IDENTIFIER = com.jeongyeon.InvestorUITests;
				PRODUCT_NAME = "$(TARGET_NAME)";
				SWIFT_EMIT_LOC_STRINGS = NO;
				SWIFT_VERSION = 5.0;
				TARGETED_DEVICE_FAMILY = "1,2";
				TEST_TARGET_NAME = Investor;
			};
			name = Release;
		};
/* End XCBuildConfiguration section */

/* Begin XCConfigurationList section */
		F1E0A5E92BBD1F8500C2CFCE /* Build configuration list for PBXProject "Investor" */ = {
			isa = XCConfigurationList;
			buildConfigurations = (
				F1E0A6162BBD1F8600C2CFCE /* Debug */,
				F1E0A6172BBD1F8600C2CFCE /* Release */,
			);
			defaultConfigurationIsVisible = 0;
			defaultConfigurationName = Release;
		};
		F1E0A6182BBD1F8600C2CFCE /* Build configuration list for PBXNativeTarget "Investor" */ = {
			isa = XCConfigurationList;
			buildConfigurations = (
				F1E0A6192BBD1F8600C2CFCE /* Debug */,
				F1E0A61A2BBD1F8600C2CFCE /* Release */,
			);
			defaultConfigurationIsVisible = 0;
			defaultConfigurationName = Release;
		};
		F1E0A61B2BBD1F8600C2CFCE /* Build configuration list for PBXNativeTarget "InvestorTests" */ = {
			isa = XCConfigurationList;
			buildConfigurations = (
				F1E0A61C2BBD1F8600C2CFCE /* Debug */,
				F1E0A61D2BBD1F8600C2CFCE /* Release */,
			);
			defaultConfigurationIsVisible = 0;
			defaultConfigurationName = Release;
		};
		F1E0A61E2BBD1F8600C2CFCE /* Build configuration list for PBXNativeTarget "InvestorUITests" */ = {
			isa = XCConfigurationList;
			buildConfigurations = (
				F1E0A61F2BBD1F8600C2CFCE /* Debug */,
				F1E0A6202BBD1F8600C2CFCE /* Release */,
			);
			defaultConfigurationIsVisible = 0;
			defaultConfigurationName = Release;
		};
/* End XCConfigurationList section */
	};
	rootObject = F1E0A5E62BBD1F8500C2CFCE /* Project object */;
}
